// !$*UTF8*$!
{
	archiveVersion = 1;
	classes = {
	};
	objectVersion = 45;
	objects = {

/* Begin PBXBuildFile section */
		1D3623260D0F684500981E51 /* PsfPlayerAppDelegate.mm in Sources */ = {isa = PBXBuildFile; fileRef = 1D3623250D0F684500981E51 /* PsfPlayerAppDelegate.mm */; };
		1D60589B0D05DD56006BFB54 /* main.m in Sources */ = {isa = PBXBuildFile; fileRef = 29B97316FDCFA39411CA2CEA /* main.m */; };
		1D60589F0D05DD5A006BFB54 /* Foundation.framework in Frameworks */ = {isa = PBXBuildFile; fileRef = 1D30AB110D05D00D00671497 /* Foundation.framework */; };
		1DF5F4E00D08C38300B7A737 /* UIKit.framework in Frameworks */ = {isa = PBXBuildFile; fileRef = 1DF5F4DF0D08C38300B7A737 /* UIKit.framework */; };
		28216C970DB411BC00E5133A /* FirstViewController.mm in Sources */ = {isa = PBXBuildFile; fileRef = 28216C960DB411BC00E5133A /* FirstViewController.mm */; };
		282CCBFE0DB6C98000C4EA27 /* SecondView.xib in Resources */ = {isa = PBXBuildFile; fileRef = 282CCBFD0DB6C98000C4EA27 /* SecondView.xib */; };
		288765080DF74369002DB57D /* CoreGraphics.framework in Frameworks */ = {isa = PBXBuildFile; fileRef = 288765070DF74369002DB57D /* CoreGraphics.framework */; };
		28AD73880D9D96C1002E5188 /* MainWindow.xib in Resources */ = {isa = PBXBuildFile; fileRef = 28AD73870D9D96C1002E5188 /* MainWindow.xib */; };
		7E1A76500F898C750082129E /* libz.1.2.3.dylib in Frameworks */ = {isa = PBXBuildFile; fileRef = 7E1A764F0F898C750082129E /* libz.1.2.3.dylib */; };
		7E1A77140F8993CE0082129E /* OpenAL.framework in Frameworks */ = {isa = PBXBuildFile; fileRef = 7E1A77130F8993CE0082129E /* OpenAL.framework */; };
		7E4B3CBD0F9E994E00675ED7 /* BasicBlock.cpp in Sources */ = {isa = PBXBuildFile; fileRef = 7E4B3CB00F9E994E00675ED7 /* BasicBlock.cpp */; };
		7E4B3CBE0F9E994E00675ED7 /* CodeGenBase.cpp in Sources */ = {isa = PBXBuildFile; fileRef = 7E4B3CB30F9E994E00675ED7 /* CodeGenBase.cpp */; };
		7E4B3CBF0F9E994E00675ED7 /* CodeGenInterpret.cpp in Sources */ = {isa = PBXBuildFile; fileRef = 7E4B3CB50F9E994E00675ED7 /* CodeGenInterpret.cpp */; };
		7E4B3CC00F9E994E00675ED7 /* CodeGenInterpret_FPU.cpp in Sources */ = {isa = PBXBuildFile; fileRef = 7E4B3CB70F9E994E00675ED7 /* CodeGenInterpret_FPU.cpp */; };
		7E4B3CC10F9E994E00675ED7 /* CodeGenInterpret_MD.cpp in Sources */ = {isa = PBXBuildFile; fileRef = 7E4B3CB80F9E994E00675ED7 /* CodeGenInterpret_MD.cpp */; };
		7E4B3CC20F9E994E00675ED7 /* ELF.cpp in Sources */ = {isa = PBXBuildFile; fileRef = 7E4B3CB90F9E994E00675ED7 /* ELF.cpp */; };
		7E4B3CC30F9E994E00675ED7 /* ElfFile.cpp in Sources */ = {isa = PBXBuildFile; fileRef = 7E4B3CBB0F9E994E00675ED7 /* ElfFile.cpp */; };
		7E4B3CEF0F9E99A500675ED7 /* Log.cpp in Sources */ = {isa = PBXBuildFile; fileRef = 7E4B3CC40F9E99A500675ED7 /* Log.cpp */; };
		7E4B3CF00F9E99A500675ED7 /* MA_MIPSIV.cpp in Sources */ = {isa = PBXBuildFile; fileRef = 7E4B3CC60F9E99A500675ED7 /* MA_MIPSIV.cpp */; };
		7E4B3CF10F9E99A500675ED7 /* MA_MIPSIV_Reflection.cpp in Sources */ = {isa = PBXBuildFile; fileRef = 7E4B3CC80F9E99A500675ED7 /* MA_MIPSIV_Reflection.cpp */; };
		7E4B3CF20F9E99A500675ED7 /* MA_MIPSIV_Templates.cpp in Sources */ = {isa = PBXBuildFile; fileRef = 7E4B3CC90F9E99A500675ED7 /* MA_MIPSIV_Templates.cpp */; };
		7E4B3CF30F9E99A500675ED7 /* MailBox.cpp in Sources */ = {isa = PBXBuildFile; fileRef = 7E4B3CCA0F9E99A500675ED7 /* MailBox.cpp */; };
		7E4B3CF40F9E99A500675ED7 /* MemoryMap.cpp in Sources */ = {isa = PBXBuildFile; fileRef = 7E4B3CCC0F9E99A500675ED7 /* MemoryMap.cpp */; };
		7E4B3CF50F9E99A500675ED7 /* MemoryStateFile.cpp in Sources */ = {isa = PBXBuildFile; fileRef = 7E4B3CCE0F9E99A500675ED7 /* MemoryStateFile.cpp */; };
		7E4B3CF60F9E99A500675ED7 /* MemoryUtils.cpp in Sources */ = {isa = PBXBuildFile; fileRef = 7E4B3CD00F9E99A500675ED7 /* MemoryUtils.cpp */; };
		7E4B3CF70F9E99A500675ED7 /* MIPS.cpp in Sources */ = {isa = PBXBuildFile; fileRef = 7E4B3CD20F9E99A500675ED7 /* MIPS.cpp */; };
		7E4B3CF80F9E99A500675ED7 /* MIPSAnalysis.cpp in Sources */ = {isa = PBXBuildFile; fileRef = 7E4B3CD40F9E99A500675ED7 /* MIPSAnalysis.cpp */; };
		7E4B3CF90F9E99A500675ED7 /* MIPSArchitecture.cpp in Sources */ = {isa = PBXBuildFile; fileRef = 7E4B3CD60F9E99A500675ED7 /* MIPSArchitecture.cpp */; };
		7E4B3CFA0F9E99A500675ED7 /* MIPSAssembler.cpp in Sources */ = {isa = PBXBuildFile; fileRef = 7E4B3CD80F9E99A500675ED7 /* MIPSAssembler.cpp */; };
		7E4B3CFB0F9E99A500675ED7 /* MipsAssemblerDefinitions.cpp in Sources */ = {isa = PBXBuildFile; fileRef = 7E4B3CDA0F9E99A500675ED7 /* MipsAssemblerDefinitions.cpp */; };
		7E4B3CFC0F9E99A500675ED7 /* MipsCodeGen.cpp in Sources */ = {isa = PBXBuildFile; fileRef = 7E4B3CDC0F9E99A500675ED7 /* MipsCodeGen.cpp */; };
		7E4B3CFD0F9E99A500675ED7 /* MIPSCoprocessor.cpp in Sources */ = {isa = PBXBuildFile; fileRef = 7E4B3CDE0F9E99A500675ED7 /* MIPSCoprocessor.cpp */; };
		7E4B3CFE0F9E99A500675ED7 /* MipsExecutor.cpp in Sources */ = {isa = PBXBuildFile; fileRef = 7E4B3CE00F9E99A500675ED7 /* MipsExecutor.cpp */; };
		7E4B3CFF0F9E99A500675ED7 /* MIPSInstructionFactory.cpp in Sources */ = {isa = PBXBuildFile; fileRef = 7E4B3CE20F9E99A500675ED7 /* MIPSInstructionFactory.cpp */; };
		7E4B3D000F9E99A500675ED7 /* MipsInterpretor.cpp in Sources */ = {isa = PBXBuildFile; fileRef = 7E4B3CE40F9E99A500675ED7 /* MipsInterpretor.cpp */; };
		7E4B3D010F9E99A500675ED7 /* MipsInterpretorGeneral.cpp in Sources */ = {isa = PBXBuildFile; fileRef = 7E4B3CE60F9E99A500675ED7 /* MipsInterpretorGeneral.cpp */; };
		7E4B3D020F9E99A500675ED7 /* MIPSReflection.cpp in Sources */ = {isa = PBXBuildFile; fileRef = 7E4B3CE90F9E99A500675ED7 /* MIPSReflection.cpp */; };
		7E4B3D030F9E99A500675ED7 /* MIPSTags.cpp in Sources */ = {isa = PBXBuildFile; fileRef = 7E4B3CEB0F9E99A500675ED7 /* MIPSTags.cpp */; };
		7E4B3D0B0F9E99C100675ED7 /* StructCollectionStateFile.cpp in Sources */ = {isa = PBXBuildFile; fileRef = 7E4B3D060F9E99C100675ED7 /* StructCollectionStateFile.cpp */; };
		7E4B3D0C0F9E99C100675ED7 /* StructFile.cpp in Sources */ = {isa = PBXBuildFile; fileRef = 7E4B3D080F9E99C100675ED7 /* StructFile.cpp */; };
		7E4B3D230F9E99EB00675ED7 /* AppConfig.cpp in Sources */ = {isa = PBXBuildFile; fileRef = 7E4B3D0F0F9E99EB00675ED7 /* AppConfig.cpp */; };
		7E4B3D240F9E99EB00675ED7 /* PsfBase.cpp in Sources */ = {isa = PBXBuildFile; fileRef = 7E4B3D110F9E99EB00675ED7 /* PsfBase.cpp */; };
		7E4B3D250F9E99EB00675ED7 /* PsfBios.cpp in Sources */ = {isa = PBXBuildFile; fileRef = 7E4B3D130F9E99EB00675ED7 /* PsfBios.cpp */; };
		7E4B3D260F9E99EB00675ED7 /* PsfDevice.cpp in Sources */ = {isa = PBXBuildFile; fileRef = 7E4B3D150F9E99EB00675ED7 /* PsfDevice.cpp */; };
		7E4B3D270F9E99EB00675ED7 /* PsfLoader.cpp in Sources */ = {isa = PBXBuildFile; fileRef = 7E4B3D170F9E99EB00675ED7 /* PsfLoader.cpp */; };
		7E4B3D280F9E99EB00675ED7 /* PsfTags.cpp in Sources */ = {isa = PBXBuildFile; fileRef = 7E4B3D190F9E99EB00675ED7 /* PsfTags.cpp */; };
		7E4B3D290F9E99EB00675ED7 /* PsfVm.cpp in Sources */ = {isa = PBXBuildFile; fileRef = 7E4B3D1B0F9E99EB00675ED7 /* PsfVm.cpp */; };
		7E4B3D2A0F9E99EB00675ED7 /* PsxBios.cpp in Sources */ = {isa = PBXBuildFile; fileRef = 7E4B3D1D0F9E99EB00675ED7 /* PsxBios.cpp */; };
		7E4B3D2B0F9E99EB00675ED7 /* SH_OpenAL.cpp in Sources */ = {isa = PBXBuildFile; fileRef = 7E4B3D1F0F9E99EB00675ED7 /* SH_OpenAL.cpp */; };
		7E4B3D2C0F9E99EB00675ED7 /* SpuHandler.cpp in Sources */ = {isa = PBXBuildFile; fileRef = 7E4B3D210F9E99EB00675ED7 /* SpuHandler.cpp */; };
		7E4B3D6A0F9E9A3D00675ED7 /* ArgumentIterator.cpp in Sources */ = {isa = PBXBuildFile; fileRef = 7E4B3D2F0F9E9A3D00675ED7 /* ArgumentIterator.cpp */; };
		7E4B3D6B0F9E9A3D00675ED7 /* Iop_Dmac.cpp in Sources */ = {isa = PBXBuildFile; fileRef = 7E4B3D330F9E9A3D00675ED7 /* Iop_Dmac.cpp */; };
		7E4B3D6C0F9E9A3D00675ED7 /* Iop_DmacChannel.cpp in Sources */ = {isa = PBXBuildFile; fileRef = 7E4B3D350F9E9A3D00675ED7 /* Iop_DmacChannel.cpp */; };
		7E4B3D6D0F9E9A3D00675ED7 /* Iop_Dynamic.cpp in Sources */ = {isa = PBXBuildFile; fileRef = 7E4B3D370F9E9A3D00675ED7 /* Iop_Dynamic.cpp */; };
		7E4B3D6E0F9E9A3D00675ED7 /* Iop_Intc.cpp in Sources */ = {isa = PBXBuildFile; fileRef = 7E4B3D390F9E9A3D00675ED7 /* Iop_Intc.cpp */; };
		7E4B3D6F0F9E9A3D00675ED7 /* Iop_Intrman.cpp in Sources */ = {isa = PBXBuildFile; fileRef = 7E4B3D3B0F9E9A3D00675ED7 /* Iop_Intrman.cpp */; };
		7E4B3D700F9E9A3D00675ED7 /* Iop_Ioman.cpp in Sources */ = {isa = PBXBuildFile; fileRef = 7E4B3D3D0F9E9A3D00675ED7 /* Iop_Ioman.cpp */; };
		7E4B3D710F9E9A3D00675ED7 /* Iop_Loadcore.cpp in Sources */ = {isa = PBXBuildFile; fileRef = 7E4B3D3F0F9E9A3D00675ED7 /* Iop_Loadcore.cpp */; };
		7E4B3D720F9E9A3D00675ED7 /* Iop_Modload.cpp in Sources */ = {isa = PBXBuildFile; fileRef = 7E4B3D410F9E9A3D00675ED7 /* Iop_Modload.cpp */; };
		7E4B3D730F9E9A3D00675ED7 /* Iop_RootCounters.cpp in Sources */ = {isa = PBXBuildFile; fileRef = 7E4B3D440F9E9A3D00675ED7 /* Iop_RootCounters.cpp */; };
		7E4B3D740F9E9A3D00675ED7 /* Iop_SifCmd.cpp in Sources */ = {isa = PBXBuildFile; fileRef = 7E4B3D460F9E9A3D00675ED7 /* Iop_SifCmd.cpp */; };
		7E4B3D750F9E9A3D00675ED7 /* Iop_SifDynamic.cpp in Sources */ = {isa = PBXBuildFile; fileRef = 7E4B3D480F9E9A3D00675ED7 /* Iop_SifDynamic.cpp */; };
		7E4B3D760F9E9A3D00675ED7 /* Iop_SifMan.cpp in Sources */ = {isa = PBXBuildFile; fileRef = 7E4B3D4A0F9E9A3D00675ED7 /* Iop_SifMan.cpp */; };
		7E4B3D770F9E9A3D00675ED7 /* Iop_SifManNull.cpp in Sources */ = {isa = PBXBuildFile; fileRef = 7E4B3D4C0F9E9A3D00675ED7 /* Iop_SifManNull.cpp */; };
		7E4B3D780F9E9A3D00675ED7 /* Iop_Spu.cpp in Sources */ = {isa = PBXBuildFile; fileRef = 7E4B3D4E0F9E9A3D00675ED7 /* Iop_Spu.cpp */; };
		7E4B3D790F9E9A3D00675ED7 /* Iop_Spu2.cpp in Sources */ = {isa = PBXBuildFile; fileRef = 7E4B3D500F9E9A3D00675ED7 /* Iop_Spu2.cpp */; };
		7E4B3D7A0F9E9A3D00675ED7 /* Iop_Spu2_Core.cpp in Sources */ = {isa = PBXBuildFile; fileRef = 7E4B3D520F9E9A3D00675ED7 /* Iop_Spu2_Core.cpp */; };
		7E4B3D7B0F9E9A3D00675ED7 /* Iop_SpuBase.cpp in Sources */ = {isa = PBXBuildFile; fileRef = 7E4B3D540F9E9A3D00675ED7 /* Iop_SpuBase.cpp */; };
		7E4B3D7C0F9E9A3D00675ED7 /* Iop_Stdio.cpp in Sources */ = {isa = PBXBuildFile; fileRef = 7E4B3D560F9E9A3D00675ED7 /* Iop_Stdio.cpp */; };
		7E4B3D7D0F9E9A3D00675ED7 /* Iop_SubSystem.cpp in Sources */ = {isa = PBXBuildFile; fileRef = 7E4B3D580F9E9A3D00675ED7 /* Iop_SubSystem.cpp */; };
		7E4B3D7E0F9E9A3D00675ED7 /* Iop_Sysclib.cpp in Sources */ = {isa = PBXBuildFile; fileRef = 7E4B3D5A0F9E9A3D00675ED7 /* Iop_Sysclib.cpp */; };
		7E4B3D7F0F9E9A3D00675ED7 /* Iop_Sysmem.cpp in Sources */ = {isa = PBXBuildFile; fileRef = 7E4B3D5C0F9E9A3D00675ED7 /* Iop_Sysmem.cpp */; };
		7E4B3D800F9E9A3D00675ED7 /* Iop_Thbase.cpp in Sources */ = {isa = PBXBuildFile; fileRef = 7E4B3D5E0F9E9A3D00675ED7 /* Iop_Thbase.cpp */; };
		7E4B3D810F9E9A3D00675ED7 /* Iop_Thevent.cpp in Sources */ = {isa = PBXBuildFile; fileRef = 7E4B3D600F9E9A3D00675ED7 /* Iop_Thevent.cpp */; };
		7E4B3D820F9E9A3D00675ED7 /* Iop_Thsema.cpp in Sources */ = {isa = PBXBuildFile; fileRef = 7E4B3D620F9E9A3D00675ED7 /* Iop_Thsema.cpp */; };
		7E4B3D830F9E9A3D00675ED7 /* Iop_Timrman.cpp in Sources */ = {isa = PBXBuildFile; fileRef = 7E4B3D640F9E9A3D00675ED7 /* Iop_Timrman.cpp */; };
		7E4B3D840F9E9A3D00675ED7 /* Iop_Vblank.cpp in Sources */ = {isa = PBXBuildFile; fileRef = 7E4B3D660F9E9A3D00675ED7 /* Iop_Vblank.cpp */; };
		7E4B3D850F9E9A3D00675ED7 /* IopBios.cpp in Sources */ = {isa = PBXBuildFile; fileRef = 7E4B3D680F9E9A3D00675ED7 /* IopBios.cpp */; };
		7E4B3D960F9E9B2600675ED7 /* 101 - Dearly Beloved.psf2 in Resources */ = {isa = PBXBuildFile; fileRef = 7E4B3D940F9E9B2600675ED7 /* 101 - Dearly Beloved.psf2 */; };
		7E4B3D970F9E9B2600675ED7 /* 220 - Hollow Bastion.psf2 in Resources */ = {isa = PBXBuildFile; fileRef = 7E4B3D950F9E9B2600675ED7 /* 220 - Hollow Bastion.psf2 */; };
		7E4B3DA20F9E9B5600675ED7 /* libFramework-iPhone.a in Frameworks */ = {isa = PBXBuildFile; fileRef = 7E4B3DA10F9E9B4600675ED7 /* libFramework-iPhone.a */; };
		7E4B3DA90F9E9BAC00675ED7 /* libboost_signals-xgcc40-arm-mt-1_38.a in Frameworks */ = {isa = PBXBuildFile; fileRef = 7E4B3DA60F9E9BAC00675ED7 /* libboost_signals-xgcc40-arm-mt-1_38.a */; };
		7E4B3DAA0F9E9BAC00675ED7 /* libboost_system-xgcc40-arm-mt-1_38.a in Frameworks */ = {isa = PBXBuildFile; fileRef = 7E4B3DA70F9E9BAC00675ED7 /* libboost_system-xgcc40-arm-mt-1_38.a */; };
		7E4B3DAB0F9E9BAC00675ED7 /* libboost_thread-xgcc40-arm-mt-1_38.a in Frameworks */ = {isa = PBXBuildFile; fileRef = 7E4B3DA80F9E9BAC00675ED7 /* libboost_thread-xgcc40-arm-mt-1_38.a */; };
/* End PBXBuildFile section */

/* Begin PBXContainerItemProxy section */
		7E4B3DA00F9E9B4600675ED7 /* PBXContainerItemProxy */ = {
			isa = PBXContainerItemProxy;
			containerPortal = 7E4B3D990F9E9B4600675ED7 /* Framework-iPhone.xcodeproj */;
			proxyType = 2;
			remoteGlobalIDString = D2AAC046055464E500DB518D /* libFramework-iPhone.a */;
			remoteInfo = "Framework-iPhone";
		};
/* End PBXContainerItemProxy section */

/* Begin PBXFileReference section */
		1D30AB110D05D00D00671497 /* Foundation.framework */ = {isa = PBXFileReference; lastKnownFileType = wrapper.framework; name = Foundation.framework; path = System/Library/Frameworks/Foundation.framework; sourceTree = SDKROOT; };
		1D3623240D0F684500981E51 /* PsfPlayerAppDelegate.h */ = {isa = PBXFileReference; fileEncoding = 4; lastKnownFileType = sourcecode.c.h; path = PsfPlayerAppDelegate.h; sourceTree = "<group>"; };
		1D3623250D0F684500981E51 /* PsfPlayerAppDelegate.mm */ = {isa = PBXFileReference; fileEncoding = 4; lastKnownFileType = sourcecode.cpp.objcpp; path = PsfPlayerAppDelegate.mm; sourceTree = "<group>"; };
		1D6058910D05DD3D006BFB54 /* PsfPlayer.app */ = {isa = PBXFileReference; explicitFileType = wrapper.application; includeInIndex = 0; path = PsfPlayer.app; sourceTree = BUILT_PRODUCTS_DIR; };
		1DF5F4DF0D08C38300B7A737 /* UIKit.framework */ = {isa = PBXFileReference; lastKnownFileType = wrapper.framework; name = UIKit.framework; path = System/Library/Frameworks/UIKit.framework; sourceTree = SDKROOT; };
		28216C950DB411BC00E5133A /* FirstViewController.h */ = {isa = PBXFileReference; fileEncoding = 4; lastKnownFileType = sourcecode.c.h; path = FirstViewController.h; sourceTree = "<group>"; };
		28216C960DB411BC00E5133A /* FirstViewController.mm */ = {isa = PBXFileReference; fileEncoding = 4; lastKnownFileType = sourcecode.cpp.objcpp; path = FirstViewController.mm; sourceTree = "<group>"; };
		282CCBFD0DB6C98000C4EA27 /* SecondView.xib */ = {isa = PBXFileReference; lastKnownFileType = file.xib; path = SecondView.xib; sourceTree = "<group>"; };
		288765070DF74369002DB57D /* CoreGraphics.framework */ = {isa = PBXFileReference; lastKnownFileType = wrapper.framework; name = CoreGraphics.framework; path = System/Library/Frameworks/CoreGraphics.framework; sourceTree = SDKROOT; };
		28A0AB4B0D9B1048005BE974 /* PsfPlayer_Prefix.pch */ = {isa = PBXFileReference; fileEncoding = 4; lastKnownFileType = sourcecode.c.h; path = PsfPlayer_Prefix.pch; sourceTree = "<group>"; };
		28AD73870D9D96C1002E5188 /* MainWindow.xib */ = {isa = PBXFileReference; lastKnownFileType = file.xib; path = MainWindow.xib; sourceTree = "<group>"; };
		29B97316FDCFA39411CA2CEA /* main.m */ = {isa = PBXFileReference; fileEncoding = 4; lastKnownFileType = sourcecode.c.objc; path = main.m; sourceTree = "<group>"; };
		7E1A764F0F898C750082129E /* libz.1.2.3.dylib */ = {isa = PBXFileReference; lastKnownFileType = "compiled.mach-o.dylib"; name = libz.1.2.3.dylib; path = usr/lib/libz.1.2.3.dylib; sourceTree = SDKROOT; };
		7E1A77130F8993CE0082129E /* OpenAL.framework */ = {isa = PBXFileReference; lastKnownFileType = wrapper.framework; name = OpenAL.framework; path = /System/Library/Frameworks/OpenAL.framework; sourceTree = "<absolute>"; };
		7E4B3CAF0F9E994E00675ED7 /* ArrayStack.h */ = {isa = PBXFileReference; fileEncoding = 4; lastKnownFileType = sourcecode.c.h; name = ArrayStack.h; path = ../../../../Source/ArrayStack.h; sourceTree = SOURCE_ROOT; };
		7E4B3CB00F9E994E00675ED7 /* BasicBlock.cpp */ = {isa = PBXFileReference; fileEncoding = 4; lastKnownFileType = sourcecode.cpp.cpp; name = BasicBlock.cpp; path = ../../../../Source/BasicBlock.cpp; sourceTree = SOURCE_ROOT; };
		7E4B3CB10F9E994E00675ED7 /* BasicBlock.h */ = {isa = PBXFileReference; fileEncoding = 4; lastKnownFileType = sourcecode.c.h; name = BasicBlock.h; path = ../../../../Source/BasicBlock.h; sourceTree = SOURCE_ROOT; };
		7E4B3CB20F9E994E00675ED7 /* CodeGen.h */ = {isa = PBXFileReference; fileEncoding = 4; lastKnownFileType = sourcecode.c.h; name = CodeGen.h; path = ../../../../Source/CodeGen.h; sourceTree = SOURCE_ROOT; };
		7E4B3CB30F9E994E00675ED7 /* CodeGenBase.cpp */ = {isa = PBXFileReference; fileEncoding = 4; lastKnownFileType = sourcecode.cpp.cpp; name = CodeGenBase.cpp; path = ../../../../Source/CodeGenBase.cpp; sourceTree = SOURCE_ROOT; };
		7E4B3CB40F9E994E00675ED7 /* CodeGenBase.h */ = {isa = PBXFileReference; fileEncoding = 4; lastKnownFileType = sourcecode.c.h; name = CodeGenBase.h; path = ../../../../Source/CodeGenBase.h; sourceTree = SOURCE_ROOT; };
		7E4B3CB50F9E994E00675ED7 /* CodeGenInterpret.cpp */ = {isa = PBXFileReference; fileEncoding = 4; lastKnownFileType = sourcecode.cpp.cpp; name = CodeGenInterpret.cpp; path = ../../../../Source/CodeGenInterpret.cpp; sourceTree = SOURCE_ROOT; };
		7E4B3CB60F9E994E00675ED7 /* CodeGenInterpret.h */ = {isa = PBXFileReference; fileEncoding = 4; lastKnownFileType = sourcecode.c.h; name = CodeGenInterpret.h; path = ../../../../Source/CodeGenInterpret.h; sourceTree = SOURCE_ROOT; };
		7E4B3CB70F9E994E00675ED7 /* CodeGenInterpret_FPU.cpp */ = {isa = PBXFileReference; fileEncoding = 4; lastKnownFileType = sourcecode.cpp.cpp; name = CodeGenInterpret_FPU.cpp; path = ../../../../Source/CodeGenInterpret_FPU.cpp; sourceTree = SOURCE_ROOT; };
		7E4B3CB80F9E994E00675ED7 /* CodeGenInterpret_MD.cpp */ = {isa = PBXFileReference; fileEncoding = 4; lastKnownFileType = sourcecode.cpp.cpp; name = CodeGenInterpret_MD.cpp; path = ../../../../Source/CodeGenInterpret_MD.cpp; sourceTree = SOURCE_ROOT; };
		7E4B3CB90F9E994E00675ED7 /* ELF.cpp */ = {isa = PBXFileReference; fileEncoding = 4; lastKnownFileType = sourcecode.cpp.cpp; name = ELF.cpp; path = ../../../../Source/ELF.cpp; sourceTree = SOURCE_ROOT; };
		7E4B3CBA0F9E994E00675ED7 /* ELF.h */ = {isa = PBXFileReference; fileEncoding = 4; lastKnownFileType = sourcecode.c.h; name = ELF.h; path = ../../../../Source/ELF.h; sourceTree = SOURCE_ROOT; };
		7E4B3CBB0F9E994E00675ED7 /* ElfFile.cpp */ = {isa = PBXFileReference; fileEncoding = 4; lastKnownFileType = sourcecode.cpp.cpp; name = ElfFile.cpp; path = ../../../../Source/ElfFile.cpp; sourceTree = SOURCE_ROOT; };
		7E4B3CBC0F9E994E00675ED7 /* ElfFile.h */ = {isa = PBXFileReference; fileEncoding = 4; lastKnownFileType = sourcecode.c.h; name = ElfFile.h; path = ../../../../Source/ElfFile.h; sourceTree = SOURCE_ROOT; };
		7E4B3CC40F9E99A500675ED7 /* Log.cpp */ = {isa = PBXFileReference; fileEncoding = 4; lastKnownFileType = sourcecode.cpp.cpp; name = Log.cpp; path = ../../../../Source/Log.cpp; sourceTree = SOURCE_ROOT; };
		7E4B3CC50F9E99A500675ED7 /* Log.h */ = {isa = PBXFileReference; fileEncoding = 4; lastKnownFileType = sourcecode.c.h; name = Log.h; path = ../../../../Source/Log.h; sourceTree = SOURCE_ROOT; };
		7E4B3CC60F9E99A500675ED7 /* MA_MIPSIV.cpp */ = {isa = PBXFileReference; fileEncoding = 4; lastKnownFileType = sourcecode.cpp.cpp; name = MA_MIPSIV.cpp; path = ../../../../Source/MA_MIPSIV.cpp; sourceTree = SOURCE_ROOT; };
		7E4B3CC70F9E99A500675ED7 /* MA_MIPSIV.h */ = {isa = PBXFileReference; fileEncoding = 4; lastKnownFileType = sourcecode.c.h; name = MA_MIPSIV.h; path = ../../../../Source/MA_MIPSIV.h; sourceTree = SOURCE_ROOT; };
		7E4B3CC80F9E99A500675ED7 /* MA_MIPSIV_Reflection.cpp */ = {isa = PBXFileReference; fileEncoding = 4; lastKnownFileType = sourcecode.cpp.cpp; name = MA_MIPSIV_Reflection.cpp; path = ../../../../Source/MA_MIPSIV_Reflection.cpp; sourceTree = SOURCE_ROOT; };
		7E4B3CC90F9E99A500675ED7 /* MA_MIPSIV_Templates.cpp */ = {isa = PBXFileReference; fileEncoding = 4; lastKnownFileType = sourcecode.cpp.cpp; name = MA_MIPSIV_Templates.cpp; path = ../../../../Source/MA_MIPSIV_Templates.cpp; sourceTree = SOURCE_ROOT; };
		7E4B3CCA0F9E99A500675ED7 /* MailBox.cpp */ = {isa = PBXFileReference; fileEncoding = 4; lastKnownFileType = sourcecode.cpp.cpp; name = MailBox.cpp; path = ../../../../Source/MailBox.cpp; sourceTree = SOURCE_ROOT; };
		7E4B3CCB0F9E99A500675ED7 /* MailBox.h */ = {isa = PBXFileReference; fileEncoding = 4; lastKnownFileType = sourcecode.c.h; name = MailBox.h; path = ../../../../Source/MailBox.h; sourceTree = SOURCE_ROOT; };
		7E4B3CCC0F9E99A500675ED7 /* MemoryMap.cpp */ = {isa = PBXFileReference; fileEncoding = 4; lastKnownFileType = sourcecode.cpp.cpp; name = MemoryMap.cpp; path = ../../../../Source/MemoryMap.cpp; sourceTree = SOURCE_ROOT; };
		7E4B3CCD0F9E99A500675ED7 /* MemoryMap.h */ = {isa = PBXFileReference; fileEncoding = 4; lastKnownFileType = sourcecode.c.h; name = MemoryMap.h; path = ../../../../Source/MemoryMap.h; sourceTree = SOURCE_ROOT; };
		7E4B3CCE0F9E99A500675ED7 /* MemoryStateFile.cpp */ = {isa = PBXFileReference; fileEncoding = 4; lastKnownFileType = sourcecode.cpp.cpp; name = MemoryStateFile.cpp; path = ../../../../Source/MemoryStateFile.cpp; sourceTree = SOURCE_ROOT; };
		7E4B3CCF0F9E99A500675ED7 /* MemoryStateFile.h */ = {isa = PBXFileReference; fileEncoding = 4; lastKnownFileType = sourcecode.c.h; name = MemoryStateFile.h; path = ../../../../Source/MemoryStateFile.h; sourceTree = SOURCE_ROOT; };
		7E4B3CD00F9E99A500675ED7 /* MemoryUtils.cpp */ = {isa = PBXFileReference; fileEncoding = 4; lastKnownFileType = sourcecode.cpp.cpp; name = MemoryUtils.cpp; path = ../../../../Source/MemoryUtils.cpp; sourceTree = SOURCE_ROOT; };
		7E4B3CD10F9E99A500675ED7 /* MemoryUtils.h */ = {isa = PBXFileReference; fileEncoding = 4; lastKnownFileType = sourcecode.c.h; name = MemoryUtils.h; path = ../../../../Source/MemoryUtils.h; sourceTree = SOURCE_ROOT; };
		7E4B3CD20F9E99A500675ED7 /* MIPS.cpp */ = {isa = PBXFileReference; fileEncoding = 4; lastKnownFileType = sourcecode.cpp.cpp; name = MIPS.cpp; path = ../../../../Source/MIPS.cpp; sourceTree = SOURCE_ROOT; };
		7E4B3CD30F9E99A500675ED7 /* MIPS.h */ = {isa = PBXFileReference; fileEncoding = 4; lastKnownFileType = sourcecode.c.h; name = MIPS.h; path = ../../../../Source/MIPS.h; sourceTree = SOURCE_ROOT; };
		7E4B3CD40F9E99A500675ED7 /* MIPSAnalysis.cpp */ = {isa = PBXFileReference; fileEncoding = 4; lastKnownFileType = sourcecode.cpp.cpp; name = MIPSAnalysis.cpp; path = ../../../../Source/MIPSAnalysis.cpp; sourceTree = SOURCE_ROOT; };
		7E4B3CD50F9E99A500675ED7 /* MIPSAnalysis.h */ = {isa = PBXFileReference; fileEncoding = 4; lastKnownFileType = sourcecode.c.h; name = MIPSAnalysis.h; path = ../../../../Source/MIPSAnalysis.h; sourceTree = SOURCE_ROOT; };
		7E4B3CD60F9E99A500675ED7 /* MIPSArchitecture.cpp */ = {isa = PBXFileReference; fileEncoding = 4; lastKnownFileType = sourcecode.cpp.cpp; name = MIPSArchitecture.cpp; path = ../../../../Source/MIPSArchitecture.cpp; sourceTree = SOURCE_ROOT; };
		7E4B3CD70F9E99A500675ED7 /* MIPSArchitecture.h */ = {isa = PBXFileReference; fileEncoding = 4; lastKnownFileType = sourcecode.c.h; name = MIPSArchitecture.h; path = ../../../../Source/MIPSArchitecture.h; sourceTree = SOURCE_ROOT; };
		7E4B3CD80F9E99A500675ED7 /* MIPSAssembler.cpp */ = {isa = PBXFileReference; fileEncoding = 4; lastKnownFileType = sourcecode.cpp.cpp; name = MIPSAssembler.cpp; path = ../../../../Source/MIPSAssembler.cpp; sourceTree = SOURCE_ROOT; };
		7E4B3CD90F9E99A500675ED7 /* MIPSAssembler.h */ = {isa = PBXFileReference; fileEncoding = 4; lastKnownFileType = sourcecode.c.h; name = MIPSAssembler.h; path = ../../../../Source/MIPSAssembler.h; sourceTree = SOURCE_ROOT; };
		7E4B3CDA0F9E99A500675ED7 /* MipsAssemblerDefinitions.cpp */ = {isa = PBXFileReference; fileEncoding = 4; lastKnownFileType = sourcecode.cpp.cpp; name = MipsAssemblerDefinitions.cpp; path = ../../../../Source/MipsAssemblerDefinitions.cpp; sourceTree = SOURCE_ROOT; };
		7E4B3CDB0F9E99A500675ED7 /* MipsAssemblerDefinitions.h */ = {isa = PBXFileReference; fileEncoding = 4; lastKnownFileType = sourcecode.c.h; name = MipsAssemblerDefinitions.h; path = ../../../../Source/MipsAssemblerDefinitions.h; sourceTree = SOURCE_ROOT; };
		7E4B3CDC0F9E99A500675ED7 /* MipsCodeGen.cpp */ = {isa = PBXFileReference; fileEncoding = 4; lastKnownFileType = sourcecode.cpp.cpp; name = MipsCodeGen.cpp; path = ../../../../Source/MipsCodeGen.cpp; sourceTree = SOURCE_ROOT; };
		7E4B3CDD0F9E99A500675ED7 /* MipsCodeGen.h */ = {isa = PBXFileReference; fileEncoding = 4; lastKnownFileType = sourcecode.c.h; name = MipsCodeGen.h; path = ../../../../Source/MipsCodeGen.h; sourceTree = SOURCE_ROOT; };
		7E4B3CDE0F9E99A500675ED7 /* MIPSCoprocessor.cpp */ = {isa = PBXFileReference; fileEncoding = 4; lastKnownFileType = sourcecode.cpp.cpp; name = MIPSCoprocessor.cpp; path = ../../../../Source/MIPSCoprocessor.cpp; sourceTree = SOURCE_ROOT; };
		7E4B3CDF0F9E99A500675ED7 /* MIPSCoprocessor.h */ = {isa = PBXFileReference; fileEncoding = 4; lastKnownFileType = sourcecode.c.h; name = MIPSCoprocessor.h; path = ../../../../Source/MIPSCoprocessor.h; sourceTree = SOURCE_ROOT; };
		7E4B3CE00F9E99A500675ED7 /* MipsExecutor.cpp */ = {isa = PBXFileReference; fileEncoding = 4; lastKnownFileType = sourcecode.cpp.cpp; name = MipsExecutor.cpp; path = ../../../../Source/MipsExecutor.cpp; sourceTree = SOURCE_ROOT; };
		7E4B3CE10F9E99A500675ED7 /* MipsExecutor.h */ = {isa = PBXFileReference; fileEncoding = 4; lastKnownFileType = sourcecode.c.h; name = MipsExecutor.h; path = ../../../../Source/MipsExecutor.h; sourceTree = SOURCE_ROOT; };
		7E4B3CE20F9E99A500675ED7 /* MIPSInstructionFactory.cpp */ = {isa = PBXFileReference; fileEncoding = 4; lastKnownFileType = sourcecode.cpp.cpp; name = MIPSInstructionFactory.cpp; path = ../../../../Source/MIPSInstructionFactory.cpp; sourceTree = SOURCE_ROOT; };
		7E4B3CE30F9E99A500675ED7 /* MIPSInstructionFactory.h */ = {isa = PBXFileReference; fileEncoding = 4; lastKnownFileType = sourcecode.c.h; name = MIPSInstructionFactory.h; path = ../../../../Source/MIPSInstructionFactory.h; sourceTree = SOURCE_ROOT; };
		7E4B3CE40F9E99A500675ED7 /* MipsInterpretor.cpp */ = {isa = PBXFileReference; fileEncoding = 4; lastKnownFileType = sourcecode.cpp.cpp; name = MipsInterpretor.cpp; path = ../../../../Source/MipsInterpretor.cpp; sourceTree = SOURCE_ROOT; };
		7E4B3CE50F9E99A500675ED7 /* MipsInterpretor.h */ = {isa = PBXFileReference; fileEncoding = 4; lastKnownFileType = sourcecode.c.h; name = MipsInterpretor.h; path = ../../../../Source/MipsInterpretor.h; sourceTree = SOURCE_ROOT; };
		7E4B3CE60F9E99A500675ED7 /* MipsInterpretorGeneral.cpp */ = {isa = PBXFileReference; fileEncoding = 4; lastKnownFileType = sourcecode.cpp.cpp; name = MipsInterpretorGeneral.cpp; path = ../../../../Source/MipsInterpretorGeneral.cpp; sourceTree = SOURCE_ROOT; };
		7E4B3CE70F9E99A500675ED7 /* MipsInterpretorGeneral.h */ = {isa = PBXFileReference; fileEncoding = 4; lastKnownFileType = sourcecode.c.h; name = MipsInterpretorGeneral.h; path = ../../../../Source/MipsInterpretorGeneral.h; sourceTree = SOURCE_ROOT; };
		7E4B3CE80F9E99A500675ED7 /* MIPSModule.h */ = {isa = PBXFileReference; fileEncoding = 4; lastKnownFileType = sourcecode.c.h; name = MIPSModule.h; path = ../../../../Source/MIPSModule.h; sourceTree = SOURCE_ROOT; };
		7E4B3CE90F9E99A500675ED7 /* MIPSReflection.cpp */ = {isa = PBXFileReference; fileEncoding = 4; lastKnownFileType = sourcecode.cpp.cpp; name = MIPSReflection.cpp; path = ../../../../Source/MIPSReflection.cpp; sourceTree = SOURCE_ROOT; };
		7E4B3CEA0F9E99A500675ED7 /* MIPSReflection.h */ = {isa = PBXFileReference; fileEncoding = 4; lastKnownFileType = sourcecode.c.h; name = MIPSReflection.h; path = ../../../../Source/MIPSReflection.h; sourceTree = SOURCE_ROOT; };
		7E4B3CEB0F9E99A500675ED7 /* MIPSTags.cpp */ = {isa = PBXFileReference; fileEncoding = 4; lastKnownFileType = sourcecode.cpp.cpp; name = MIPSTags.cpp; path = ../../../../Source/MIPSTags.cpp; sourceTree = SOURCE_ROOT; };
		7E4B3CEC0F9E99A500675ED7 /* MIPSTags.h */ = {isa = PBXFileReference; fileEncoding = 4; lastKnownFileType = sourcecode.c.h; name = MIPSTags.h; path = ../../../../Source/MIPSTags.h; sourceTree = SOURCE_ROOT; };
		7E4B3CED0F9E99A500675ED7 /* offsetof_def.h */ = {isa = PBXFileReference; fileEncoding = 4; lastKnownFileType = sourcecode.c.h; name = offsetof_def.h; path = ../../../../Source/offsetof_def.h; sourceTree = SOURCE_ROOT; };
		7E4B3CEE0F9E99A500675ED7 /* OsStructManager.h */ = {isa = PBXFileReference; fileEncoding = 4; lastKnownFileType = sourcecode.c.h; name = OsStructManager.h; path = ../../../../Source/OsStructManager.h; sourceTree = SOURCE_ROOT; };
		7E4B3D060F9E99C100675ED7 /* StructCollectionStateFile.cpp */ = {isa = PBXFileReference; fileEncoding = 4; lastKnownFileType = sourcecode.cpp.cpp; name = StructCollectionStateFile.cpp; path = ../../../../Source/StructCollectionStateFile.cpp; sourceTree = SOURCE_ROOT; };
		7E4B3D070F9E99C100675ED7 /* StructCollectionStateFile.h */ = {isa = PBXFileReference; fileEncoding = 4; lastKnownFileType = sourcecode.c.h; name = StructCollectionStateFile.h; path = ../../../../Source/StructCollectionStateFile.h; sourceTree = SOURCE_ROOT; };
		7E4B3D080F9E99C100675ED7 /* StructFile.cpp */ = {isa = PBXFileReference; fileEncoding = 4; lastKnownFileType = sourcecode.cpp.cpp; name = StructFile.cpp; path = ../../../../Source/StructFile.cpp; sourceTree = SOURCE_ROOT; };
		7E4B3D090F9E99C100675ED7 /* StructFile.h */ = {isa = PBXFileReference; fileEncoding = 4; lastKnownFileType = sourcecode.c.h; name = StructFile.h; path = ../../../../Source/StructFile.h; sourceTree = SOURCE_ROOT; };
		7E4B3D0A0F9E99C100675ED7 /* VUShared.h */ = {isa = PBXFileReference; fileEncoding = 4; lastKnownFileType = sourcecode.c.h; name = VUShared.h; path = ../../../../Source/VUShared.h; sourceTree = SOURCE_ROOT; };
		7E4B3D0F0F9E99EB00675ED7 /* AppConfig.cpp */ = {isa = PBXFileReference; fileEncoding = 4; lastKnownFileType = sourcecode.cpp.cpp; name = AppConfig.cpp; path = ../AppConfig.cpp; sourceTree = SOURCE_ROOT; };
		7E4B3D100F9E99EB00675ED7 /* AppConfig.h */ = {isa = PBXFileReference; fileEncoding = 4; lastKnownFileType = sourcecode.c.h; name = AppConfig.h; path = ../AppConfig.h; sourceTree = SOURCE_ROOT; };
		7E4B3D110F9E99EB00675ED7 /* PsfBase.cpp */ = {isa = PBXFileReference; fileEncoding = 4; lastKnownFileType = sourcecode.cpp.cpp; name = PsfBase.cpp; path = ../PsfBase.cpp; sourceTree = SOURCE_ROOT; };
		7E4B3D120F9E99EB00675ED7 /* PsfBase.h */ = {isa = PBXFileReference; fileEncoding = 4; lastKnownFileType = sourcecode.c.h; name = PsfBase.h; path = ../PsfBase.h; sourceTree = SOURCE_ROOT; };
		7E4B3D130F9E99EB00675ED7 /* PsfBios.cpp */ = {isa = PBXFileReference; fileEncoding = 4; lastKnownFileType = sourcecode.cpp.cpp; name = PsfBios.cpp; path = ../PsfBios.cpp; sourceTree = SOURCE_ROOT; };
		7E4B3D140F9E99EB00675ED7 /* PsfBios.h */ = {isa = PBXFileReference; fileEncoding = 4; lastKnownFileType = sourcecode.c.h; name = PsfBios.h; path = ../PsfBios.h; sourceTree = SOURCE_ROOT; };
		7E4B3D150F9E99EB00675ED7 /* PsfDevice.cpp */ = {isa = PBXFileReference; fileEncoding = 4; lastKnownFileType = sourcecode.cpp.cpp; name = PsfDevice.cpp; path = ../PsfDevice.cpp; sourceTree = SOURCE_ROOT; };
		7E4B3D160F9E99EB00675ED7 /* PsfDevice.h */ = {isa = PBXFileReference; fileEncoding = 4; lastKnownFileType = sourcecode.c.h; name = PsfDevice.h; path = ../PsfDevice.h; sourceTree = SOURCE_ROOT; };
		7E4B3D170F9E99EB00675ED7 /* PsfLoader.cpp */ = {isa = PBXFileReference; fileEncoding = 4; lastKnownFileType = sourcecode.cpp.cpp; name = PsfLoader.cpp; path = ../PsfLoader.cpp; sourceTree = SOURCE_ROOT; };
		7E4B3D180F9E99EB00675ED7 /* PsfLoader.h */ = {isa = PBXFileReference; fileEncoding = 4; lastKnownFileType = sourcecode.c.h; name = PsfLoader.h; path = ../PsfLoader.h; sourceTree = SOURCE_ROOT; };
		7E4B3D190F9E99EB00675ED7 /* PsfTags.cpp */ = {isa = PBXFileReference; fileEncoding = 4; lastKnownFileType = sourcecode.cpp.cpp; name = PsfTags.cpp; path = ../PsfTags.cpp; sourceTree = SOURCE_ROOT; };
		7E4B3D1A0F9E99EB00675ED7 /* PsfTags.h */ = {isa = PBXFileReference; fileEncoding = 4; lastKnownFileType = sourcecode.c.h; name = PsfTags.h; path = ../PsfTags.h; sourceTree = SOURCE_ROOT; };
		7E4B3D1B0F9E99EB00675ED7 /* PsfVm.cpp */ = {isa = PBXFileReference; fileEncoding = 4; lastKnownFileType = sourcecode.cpp.cpp; name = PsfVm.cpp; path = ../PsfVm.cpp; sourceTree = SOURCE_ROOT; };
		7E4B3D1C0F9E99EB00675ED7 /* PsfVm.h */ = {isa = PBXFileReference; fileEncoding = 4; lastKnownFileType = sourcecode.c.h; name = PsfVm.h; path = ../PsfVm.h; sourceTree = SOURCE_ROOT; };
		7E4B3D1D0F9E99EB00675ED7 /* PsxBios.cpp */ = {isa = PBXFileReference; fileEncoding = 4; lastKnownFileType = sourcecode.cpp.cpp; name = PsxBios.cpp; path = ../PsxBios.cpp; sourceTree = SOURCE_ROOT; };
		7E4B3D1E0F9E99EB00675ED7 /* PsxBios.h */ = {isa = PBXFileReference; fileEncoding = 4; lastKnownFileType = sourcecode.c.h; name = PsxBios.h; path = ../PsxBios.h; sourceTree = SOURCE_ROOT; };
		7E4B3D1F0F9E99EB00675ED7 /* SH_OpenAL.cpp */ = {isa = PBXFileReference; fileEncoding = 4; lastKnownFileType = sourcecode.cpp.cpp; name = SH_OpenAL.cpp; path = ../SH_OpenAL.cpp; sourceTree = SOURCE_ROOT; };
		7E4B3D200F9E99EB00675ED7 /* SH_OpenAL.h */ = {isa = PBXFileReference; fileEncoding = 4; lastKnownFileType = sourcecode.c.h; name = SH_OpenAL.h; path = ../SH_OpenAL.h; sourceTree = SOURCE_ROOT; };
		7E4B3D210F9E99EB00675ED7 /* SpuHandler.cpp */ = {isa = PBXFileReference; fileEncoding = 4; lastKnownFileType = sourcecode.cpp.cpp; name = SpuHandler.cpp; path = ../SpuHandler.cpp; sourceTree = SOURCE_ROOT; };
		7E4B3D220F9E99EB00675ED7 /* SpuHandler.h */ = {isa = PBXFileReference; fileEncoding = 4; lastKnownFileType = sourcecode.c.h; name = SpuHandler.h; path = ../SpuHandler.h; sourceTree = SOURCE_ROOT; };
		7E4B3D2F0F9E9A3D00675ED7 /* ArgumentIterator.cpp */ = {isa = PBXFileReference; fileEncoding = 4; lastKnownFileType = sourcecode.cpp.cpp; name = ArgumentIterator.cpp; path = ../../../../Source/iop/ArgumentIterator.cpp; sourceTree = SOURCE_ROOT; };
		7E4B3D300F9E9A3D00675ED7 /* ArgumentIterator.h */ = {isa = PBXFileReference; fileEncoding = 4; lastKnownFileType = sourcecode.c.h; name = ArgumentIterator.h; path = ../../../../Source/iop/ArgumentIterator.h; sourceTree = SOURCE_ROOT; };
		7E4B3D310F9E9A3D00675ED7 /* Ioman_Device.h */ = {isa = PBXFileReference; fileEncoding = 4; lastKnownFileType = sourcecode.c.h; name = Ioman_Device.h; path = ../../../../Source/iop/Ioman_Device.h; sourceTree = SOURCE_ROOT; };
		7E4B3D320F9E9A3D00675ED7 /* Iop_BiosBase.h */ = {isa = PBXFileReference; fileEncoding = 4; lastKnownFileType = sourcecode.c.h; name = Iop_BiosBase.h; path = ../../../../Source/iop/Iop_BiosBase.h; sourceTree = SOURCE_ROOT; };
		7E4B3D330F9E9A3D00675ED7 /* Iop_Dmac.cpp */ = {isa = PBXFileReference; fileEncoding = 4; lastKnownFileType = sourcecode.cpp.cpp; name = Iop_Dmac.cpp; path = ../../../../Source/iop/Iop_Dmac.cpp; sourceTree = SOURCE_ROOT; };
		7E4B3D340F9E9A3D00675ED7 /* Iop_Dmac.h */ = {isa = PBXFileReference; fileEncoding = 4; lastKnownFileType = sourcecode.c.h; name = Iop_Dmac.h; path = ../../../../Source/iop/Iop_Dmac.h; sourceTree = SOURCE_ROOT; };
		7E4B3D350F9E9A3D00675ED7 /* Iop_DmacChannel.cpp */ = {isa = PBXFileReference; fileEncoding = 4; lastKnownFileType = sourcecode.cpp.cpp; name = Iop_DmacChannel.cpp; path = ../../../../Source/iop/Iop_DmacChannel.cpp; sourceTree = SOURCE_ROOT; };
		7E4B3D360F9E9A3D00675ED7 /* Iop_DmacChannel.h */ = {isa = PBXFileReference; fileEncoding = 4; lastKnownFileType = sourcecode.c.h; name = Iop_DmacChannel.h; path = ../../../../Source/iop/Iop_DmacChannel.h; sourceTree = SOURCE_ROOT; };
		7E4B3D370F9E9A3D00675ED7 /* Iop_Dynamic.cpp */ = {isa = PBXFileReference; fileEncoding = 4; lastKnownFileType = sourcecode.cpp.cpp; name = Iop_Dynamic.cpp; path = ../../../../Source/iop/Iop_Dynamic.cpp; sourceTree = SOURCE_ROOT; };
		7E4B3D380F9E9A3D00675ED7 /* Iop_Dynamic.h */ = {isa = PBXFileReference; fileEncoding = 4; lastKnownFileType = sourcecode.c.h; name = Iop_Dynamic.h; path = ../../../../Source/iop/Iop_Dynamic.h; sourceTree = SOURCE_ROOT; };
		7E4B3D390F9E9A3D00675ED7 /* Iop_Intc.cpp */ = {isa = PBXFileReference; fileEncoding = 4; lastKnownFileType = sourcecode.cpp.cpp; name = Iop_Intc.cpp; path = ../../../../Source/iop/Iop_Intc.cpp; sourceTree = SOURCE_ROOT; };
		7E4B3D3A0F9E9A3D00675ED7 /* Iop_Intc.h */ = {isa = PBXFileReference; fileEncoding = 4; lastKnownFileType = sourcecode.c.h; name = Iop_Intc.h; path = ../../../../Source/iop/Iop_Intc.h; sourceTree = SOURCE_ROOT; };
		7E4B3D3B0F9E9A3D00675ED7 /* Iop_Intrman.cpp */ = {isa = PBXFileReference; fileEncoding = 4; lastKnownFileType = sourcecode.cpp.cpp; name = Iop_Intrman.cpp; path = ../../../../Source/iop/Iop_Intrman.cpp; sourceTree = SOURCE_ROOT; };
		7E4B3D3C0F9E9A3D00675ED7 /* Iop_Intrman.h */ = {isa = PBXFileReference; fileEncoding = 4; lastKnownFileType = sourcecode.c.h; name = Iop_Intrman.h; path = ../../../../Source/iop/Iop_Intrman.h; sourceTree = SOURCE_ROOT; };
		7E4B3D3D0F9E9A3D00675ED7 /* Iop_Ioman.cpp */ = {isa = PBXFileReference; fileEncoding = 4; lastKnownFileType = sourcecode.cpp.cpp; name = Iop_Ioman.cpp; path = ../../../../Source/iop/Iop_Ioman.cpp; sourceTree = SOURCE_ROOT; };
		7E4B3D3E0F9E9A3D00675ED7 /* Iop_Ioman.h */ = {isa = PBXFileReference; fileEncoding = 4; lastKnownFileType = sourcecode.c.h; name = Iop_Ioman.h; path = ../../../../Source/iop/Iop_Ioman.h; sourceTree = SOURCE_ROOT; };
		7E4B3D3F0F9E9A3D00675ED7 /* Iop_Loadcore.cpp */ = {isa = PBXFileReference; fileEncoding = 4; lastKnownFileType = sourcecode.cpp.cpp; name = Iop_Loadcore.cpp; path = ../../../../Source/iop/Iop_Loadcore.cpp; sourceTree = SOURCE_ROOT; };
		7E4B3D400F9E9A3D00675ED7 /* Iop_Loadcore.h */ = {isa = PBXFileReference; fileEncoding = 4; lastKnownFileType = sourcecode.c.h; name = Iop_Loadcore.h; path = ../../../../Source/iop/Iop_Loadcore.h; sourceTree = SOURCE_ROOT; };
		7E4B3D410F9E9A3D00675ED7 /* Iop_Modload.cpp */ = {isa = PBXFileReference; fileEncoding = 4; lastKnownFileType = sourcecode.cpp.cpp; name = Iop_Modload.cpp; path = ../../../../Source/iop/Iop_Modload.cpp; sourceTree = SOURCE_ROOT; };
		7E4B3D420F9E9A3D00675ED7 /* Iop_Modload.h */ = {isa = PBXFileReference; fileEncoding = 4; lastKnownFileType = sourcecode.c.h; name = Iop_Modload.h; path = ../../../../Source/iop/Iop_Modload.h; sourceTree = SOURCE_ROOT; };
		7E4B3D430F9E9A3D00675ED7 /* Iop_Module.h */ = {isa = PBXFileReference; fileEncoding = 4; lastKnownFileType = sourcecode.c.h; name = Iop_Module.h; path = ../../../../Source/iop/Iop_Module.h; sourceTree = SOURCE_ROOT; };
		7E4B3D440F9E9A3D00675ED7 /* Iop_RootCounters.cpp */ = {isa = PBXFileReference; fileEncoding = 4; lastKnownFileType = sourcecode.cpp.cpp; name = Iop_RootCounters.cpp; path = ../../../../Source/iop/Iop_RootCounters.cpp; sourceTree = SOURCE_ROOT; };
		7E4B3D450F9E9A3D00675ED7 /* Iop_RootCounters.h */ = {isa = PBXFileReference; fileEncoding = 4; lastKnownFileType = sourcecode.c.h; name = Iop_RootCounters.h; path = ../../../../Source/iop/Iop_RootCounters.h; sourceTree = SOURCE_ROOT; };
		7E4B3D460F9E9A3D00675ED7 /* Iop_SifCmd.cpp */ = {isa = PBXFileReference; fileEncoding = 4; lastKnownFileType = sourcecode.cpp.cpp; name = Iop_SifCmd.cpp; path = ../../../../Source/iop/Iop_SifCmd.cpp; sourceTree = SOURCE_ROOT; };
		7E4B3D470F9E9A3D00675ED7 /* Iop_SifCmd.h */ = {isa = PBXFileReference; fileEncoding = 4; lastKnownFileType = sourcecode.c.h; name = Iop_SifCmd.h; path = ../../../../Source/iop/Iop_SifCmd.h; sourceTree = SOURCE_ROOT; };
		7E4B3D480F9E9A3D00675ED7 /* Iop_SifDynamic.cpp */ = {isa = PBXFileReference; fileEncoding = 4; lastKnownFileType = sourcecode.cpp.cpp; name = Iop_SifDynamic.cpp; path = ../../../../Source/iop/Iop_SifDynamic.cpp; sourceTree = SOURCE_ROOT; };
		7E4B3D490F9E9A3D00675ED7 /* Iop_SifDynamic.h */ = {isa = PBXFileReference; fileEncoding = 4; lastKnownFileType = sourcecode.c.h; name = Iop_SifDynamic.h; path = ../../../../Source/iop/Iop_SifDynamic.h; sourceTree = SOURCE_ROOT; };
		7E4B3D4A0F9E9A3D00675ED7 /* Iop_SifMan.cpp */ = {isa = PBXFileReference; fileEncoding = 4; lastKnownFileType = sourcecode.cpp.cpp; name = Iop_SifMan.cpp; path = ../../../../Source/iop/Iop_SifMan.cpp; sourceTree = SOURCE_ROOT; };
		7E4B3D4B0F9E9A3D00675ED7 /* Iop_Sifman.h */ = {isa = PBXFileReference; fileEncoding = 4; lastKnownFileType = sourcecode.c.h; name = Iop_Sifman.h; path = ../../../../Source/iop/Iop_Sifman.h; sourceTree = SOURCE_ROOT; };
		7E4B3D4C0F9E9A3D00675ED7 /* Iop_SifManNull.cpp */ = {isa = PBXFileReference; fileEncoding = 4; lastKnownFileType = sourcecode.cpp.cpp; name = Iop_SifManNull.cpp; path = ../../../../Source/iop/Iop_SifManNull.cpp; sourceTree = SOURCE_ROOT; };
		7E4B3D4D0F9E9A3D00675ED7 /* Iop_SifManNull.h */ = {isa = PBXFileReference; fileEncoding = 4; lastKnownFileType = sourcecode.c.h; name = Iop_SifManNull.h; path = ../../../../Source/iop/Iop_SifManNull.h; sourceTree = SOURCE_ROOT; };
		7E4B3D4E0F9E9A3D00675ED7 /* Iop_Spu.cpp */ = {isa = PBXFileReference; fileEncoding = 4; lastKnownFileType = sourcecode.cpp.cpp; name = Iop_Spu.cpp; path = ../../../../Source/iop/Iop_Spu.cpp; sourceTree = SOURCE_ROOT; };
		7E4B3D4F0F9E9A3D00675ED7 /* Iop_Spu.h */ = {isa = PBXFileReference; fileEncoding = 4; lastKnownFileType = sourcecode.c.h; name = Iop_Spu.h; path = ../../../../Source/iop/Iop_Spu.h; sourceTree = SOURCE_ROOT; };
		7E4B3D500F9E9A3D00675ED7 /* Iop_Spu2.cpp */ = {isa = PBXFileReference; fileEncoding = 4; lastKnownFileType = sourcecode.cpp.cpp; name = Iop_Spu2.cpp; path = ../../../../Source/iop/Iop_Spu2.cpp; sourceTree = SOURCE_ROOT; };
		7E4B3D510F9E9A3D00675ED7 /* Iop_Spu2.h */ = {isa = PBXFileReference; fileEncoding = 4; lastKnownFileType = sourcecode.c.h; name = Iop_Spu2.h; path = ../../../../Source/iop/Iop_Spu2.h; sourceTree = SOURCE_ROOT; };
		7E4B3D520F9E9A3D00675ED7 /* Iop_Spu2_Core.cpp */ = {isa = PBXFileReference; fileEncoding = 4; lastKnownFileType = sourcecode.cpp.cpp; name = Iop_Spu2_Core.cpp; path = ../../../../Source/iop/Iop_Spu2_Core.cpp; sourceTree = SOURCE_ROOT; };
		7E4B3D530F9E9A3D00675ED7 /* Iop_Spu2_Core.h */ = {isa = PBXFileReference; fileEncoding = 4; lastKnownFileType = sourcecode.c.h; name = Iop_Spu2_Core.h; path = ../../../../Source/iop/Iop_Spu2_Core.h; sourceTree = SOURCE_ROOT; };
		7E4B3D540F9E9A3D00675ED7 /* Iop_SpuBase.cpp */ = {isa = PBXFileReference; fileEncoding = 4; lastKnownFileType = sourcecode.cpp.cpp; name = Iop_SpuBase.cpp; path = ../../../../Source/iop/Iop_SpuBase.cpp; sourceTree = SOURCE_ROOT; };
		7E4B3D550F9E9A3D00675ED7 /* Iop_SpuBase.h */ = {isa = PBXFileReference; fileEncoding = 4; lastKnownFileType = sourcecode.c.h; name = Iop_SpuBase.h; path = ../../../../Source/iop/Iop_SpuBase.h; sourceTree = SOURCE_ROOT; };
		7E4B3D560F9E9A3D00675ED7 /* Iop_Stdio.cpp */ = {isa = PBXFileReference; fileEncoding = 4; lastKnownFileType = sourcecode.cpp.cpp; name = Iop_Stdio.cpp; path = ../../../../Source/iop/Iop_Stdio.cpp; sourceTree = SOURCE_ROOT; };
		7E4B3D570F9E9A3D00675ED7 /* Iop_Stdio.h */ = {isa = PBXFileReference; fileEncoding = 4; lastKnownFileType = sourcecode.c.h; name = Iop_Stdio.h; path = ../../../../Source/iop/Iop_Stdio.h; sourceTree = SOURCE_ROOT; };
		7E4B3D580F9E9A3D00675ED7 /* Iop_SubSystem.cpp */ = {isa = PBXFileReference; fileEncoding = 4; lastKnownFileType = sourcecode.cpp.cpp; name = Iop_SubSystem.cpp; path = ../../../../Source/iop/Iop_SubSystem.cpp; sourceTree = SOURCE_ROOT; };
		7E4B3D590F9E9A3D00675ED7 /* Iop_SubSystem.h */ = {isa = PBXFileReference; fileEncoding = 4; lastKnownFileType = sourcecode.c.h; name = Iop_SubSystem.h; path = ../../../../Source/iop/Iop_SubSystem.h; sourceTree = SOURCE_ROOT; };
		7E4B3D5A0F9E9A3D00675ED7 /* Iop_Sysclib.cpp */ = {isa = PBXFileReference; fileEncoding = 4; lastKnownFileType = sourcecode.cpp.cpp; name = Iop_Sysclib.cpp; path = ../../../../Source/iop/Iop_Sysclib.cpp; sourceTree = SOURCE_ROOT; };
		7E4B3D5B0F9E9A3D00675ED7 /* Iop_Sysclib.h */ = {isa = PBXFileReference; fileEncoding = 4; lastKnownFileType = sourcecode.c.h; name = Iop_Sysclib.h; path = ../../../../Source/iop/Iop_Sysclib.h; sourceTree = SOURCE_ROOT; };
		7E4B3D5C0F9E9A3D00675ED7 /* Iop_Sysmem.cpp */ = {isa = PBXFileReference; fileEncoding = 4; lastKnownFileType = sourcecode.cpp.cpp; name = Iop_Sysmem.cpp; path = ../../../../Source/iop/Iop_Sysmem.cpp; sourceTree = SOURCE_ROOT; };
		7E4B3D5D0F9E9A3D00675ED7 /* Iop_Sysmem.h */ = {isa = PBXFileReference; fileEncoding = 4; lastKnownFileType = sourcecode.c.h; name = Iop_Sysmem.h; path = ../../../../Source/iop/Iop_Sysmem.h; sourceTree = SOURCE_ROOT; };
		7E4B3D5E0F9E9A3D00675ED7 /* Iop_Thbase.cpp */ = {isa = PBXFileReference; fileEncoding = 4; lastKnownFileType = sourcecode.cpp.cpp; name = Iop_Thbase.cpp; path = ../../../../Source/iop/Iop_Thbase.cpp; sourceTree = SOURCE_ROOT; };
		7E4B3D5F0F9E9A3D00675ED7 /* Iop_Thbase.h */ = {isa = PBXFileReference; fileEncoding = 4; lastKnownFileType = sourcecode.c.h; name = Iop_Thbase.h; path = ../../../../Source/iop/Iop_Thbase.h; sourceTree = SOURCE_ROOT; };
		7E4B3D600F9E9A3D00675ED7 /* Iop_Thevent.cpp */ = {isa = PBXFileReference; fileEncoding = 4; lastKnownFileType = sourcecode.cpp.cpp; name = Iop_Thevent.cpp; path = ../../../../Source/iop/Iop_Thevent.cpp; sourceTree = SOURCE_ROOT; };
		7E4B3D610F9E9A3D00675ED7 /* Iop_Thevent.h */ = {isa = PBXFileReference; fileEncoding = 4; lastKnownFileType = sourcecode.c.h; name = Iop_Thevent.h; path = ../../../../Source/iop/Iop_Thevent.h; sourceTree = SOURCE_ROOT; };
		7E4B3D620F9E9A3D00675ED7 /* Iop_Thsema.cpp */ = {isa = PBXFileReference; fileEncoding = 4; lastKnownFileType = sourcecode.cpp.cpp; name = Iop_Thsema.cpp; path = ../../../../Source/iop/Iop_Thsema.cpp; sourceTree = SOURCE_ROOT; };
		7E4B3D630F9E9A3D00675ED7 /* Iop_Thsema.h */ = {isa = PBXFileReference; fileEncoding = 4; lastKnownFileType = sourcecode.c.h; name = Iop_Thsema.h; path = ../../../../Source/iop/Iop_Thsema.h; sourceTree = SOURCE_ROOT; };
		7E4B3D640F9E9A3D00675ED7 /* Iop_Timrman.cpp */ = {isa = PBXFileReference; fileEncoding = 4; lastKnownFileType = sourcecode.cpp.cpp; name = Iop_Timrman.cpp; path = ../../../../Source/iop/Iop_Timrman.cpp; sourceTree = SOURCE_ROOT; };
		7E4B3D650F9E9A3D00675ED7 /* Iop_Timrman.h */ = {isa = PBXFileReference; fileEncoding = 4; lastKnownFileType = sourcecode.c.h; name = Iop_Timrman.h; path = ../../../../Source/iop/Iop_Timrman.h; sourceTree = SOURCE_ROOT; };
		7E4B3D660F9E9A3D00675ED7 /* Iop_Vblank.cpp */ = {isa = PBXFileReference; fileEncoding = 4; lastKnownFileType = sourcecode.cpp.cpp; name = Iop_Vblank.cpp; path = ../../../../Source/iop/Iop_Vblank.cpp; sourceTree = SOURCE_ROOT; };
		7E4B3D670F9E9A3D00675ED7 /* Iop_Vblank.h */ = {isa = PBXFileReference; fileEncoding = 4; lastKnownFileType = sourcecode.c.h; name = Iop_Vblank.h; path = ../../../../Source/iop/Iop_Vblank.h; sourceTree = SOURCE_ROOT; };
		7E4B3D680F9E9A3D00675ED7 /* IopBios.cpp */ = {isa = PBXFileReference; fileEncoding = 4; lastKnownFileType = sourcecode.cpp.cpp; name = IopBios.cpp; path = ../../../../Source/iop/IopBios.cpp; sourceTree = SOURCE_ROOT; };
		7E4B3D690F9E9A3D00675ED7 /* IopBios.h */ = {isa = PBXFileReference; fileEncoding = 4; lastKnownFileType = sourcecode.c.h; name = IopBios.h; path = ../../../../Source/iop/IopBios.h; sourceTree = SOURCE_ROOT; };
		7E4B3D940F9E9B2600675ED7 /* 101 - Dearly Beloved.psf2 */ = {isa = PBXFileReference; lastKnownFileType = file; name = "101 - Dearly Beloved.psf2"; path = "../../../../../../Music/Psf/Kingdom Hearts/Kingdom Hearts (Sequences Only)/101 - Dearly Beloved.psf2"; sourceTree = SOURCE_ROOT; };
		7E4B3D950F9E9B2600675ED7 /* 220 - Hollow Bastion.psf2 */ = {isa = PBXFileReference; lastKnownFileType = file; name = "220 - Hollow Bastion.psf2"; path = "../../../../../../Music/Psf/Kingdom Hearts/Kingdom Hearts (Sequences Only)/220 - Hollow Bastion.psf2"; sourceTree = SOURCE_ROOT; };
		7E4B3D990F9E9B4600675ED7 /* Framework-iPhone.xcodeproj */ = {isa = PBXFileReference; lastKnownFileType = "wrapper.pb-project"; name = "Framework-iPhone.xcodeproj"; path = "../../../../../Framework/Framework-iPhone/Framework-iPhone.xcodeproj"; sourceTree = SOURCE_ROOT; };
		7E4B3DA60F9E9BAC00675ED7 /* libboost_signals-xgcc40-arm-mt-1_38.a */ = {isa = PBXFileReference; lastKnownFileType = archive.ar; name = "libboost_signals-xgcc40-arm-mt-1_38.a"; path = "../../../../../../Libraries/boost_1_38_0/stage-iphone/lib/libboost_signals-xgcc40-arm-mt-1_38.a"; sourceTree = SOURCE_ROOT; };
		7E4B3DA70F9E9BAC00675ED7 /* libboost_system-xgcc40-arm-mt-1_38.a */ = {isa = PBXFileReference; lastKnownFileType = archive.ar; name = "libboost_system-xgcc40-arm-mt-1_38.a"; path = "../../../../../../Libraries/boost_1_38_0/stage-iphone/lib/libboost_system-xgcc40-arm-mt-1_38.a"; sourceTree = SOURCE_ROOT; };
		7E4B3DA80F9E9BAC00675ED7 /* libboost_thread-xgcc40-arm-mt-1_38.a */ = {isa = PBXFileReference; lastKnownFileType = archive.ar; name = "libboost_thread-xgcc40-arm-mt-1_38.a"; path = "../../../../../../Libraries/boost_1_38_0/stage-iphone/lib/libboost_thread-xgcc40-arm-mt-1_38.a"; sourceTree = SOURCE_ROOT; };
		8D1107310486CEB800E47090 /* Info.plist */ = {isa = PBXFileReference; fileEncoding = 4; lastKnownFileType = text.plist.xml; path = Info.plist; sourceTree = "<group>"; };
/* End PBXFileReference section */

/* Begin PBXFrameworksBuildPhase section */
		1D60588F0D05DD3D006BFB54 /* Frameworks */ = {
			isa = PBXFrameworksBuildPhase;
			buildActionMask = 2147483647;
			files = (
				7E4B3DA20F9E9B5600675ED7 /* libFramework-iPhone.a in Frameworks */,
				1D60589F0D05DD5A006BFB54 /* Foundation.framework in Frameworks */,
				1DF5F4E00D08C38300B7A737 /* UIKit.framework in Frameworks */,
				288765080DF74369002DB57D /* CoreGraphics.framework in Frameworks */,
				7E1A76500F898C750082129E /* libz.1.2.3.dylib in Frameworks */,
				7E1A77140F8993CE0082129E /* OpenAL.framework in Frameworks */,
				7E4B3DA90F9E9BAC00675ED7 /* libboost_signals-xgcc40-arm-mt-1_38.a in Frameworks */,
				7E4B3DAA0F9E9BAC00675ED7 /* libboost_system-xgcc40-arm-mt-1_38.a in Frameworks */,
				7E4B3DAB0F9E9BAC00675ED7 /* libboost_thread-xgcc40-arm-mt-1_38.a in Frameworks */,
			);
			runOnlyForDeploymentPostprocessing = 0;
		};
/* End PBXFrameworksBuildPhase section */

/* Begin PBXGroup section */
		080E96DDFE201D6D7F000001 /* Classes */ = {
			isa = PBXGroup;
			children = (
				28216C950DB411BC00E5133A /* FirstViewController.h */,
				28216C960DB411BC00E5133A /* FirstViewController.mm */,
				1D3623240D0F684500981E51 /* PsfPlayerAppDelegate.h */,
				1D3623250D0F684500981E51 /* PsfPlayerAppDelegate.mm */,
			);
			path = Classes;
			sourceTree = "<group>";
		};
		19C28FACFE9D520D11CA2CBB /* Products */ = {
			isa = PBXGroup;
			children = (
				1D6058910D05DD3D006BFB54 /* PsfPlayer.app */,
			);
			name = Products;
			sourceTree = "<group>";
		};
		29B97314FDCFA39411CA2CEA /* PsfPlayer */ = {
			isa = PBXGroup;
			children = (
				7E4B3DA60F9E9BAC00675ED7 /* libboost_signals-xgcc40-arm-mt-1_38.a */,
				7E4B3DA70F9E9BAC00675ED7 /* libboost_system-xgcc40-arm-mt-1_38.a */,
				7E4B3DA80F9E9BAC00675ED7 /* libboost_thread-xgcc40-arm-mt-1_38.a */,
				7E4B3D990F9E9B4600675ED7 /* Framework-iPhone.xcodeproj */,
				7E1A77130F8993CE0082129E /* OpenAL.framework */,
				7E1A764F0F898C750082129E /* libz.1.2.3.dylib */,
				7EE768430F89853C00BD0E72 /* Purei Core */,
				7EE767D60F8981B300BD0E72 /* PsfPlayer Core */,
				080E96DDFE201D6D7F000001 /* Classes */,
				29B97315FDCFA39411CA2CEA /* Other Sources */,
				29B97317FDCFA39411CA2CEA /* Resources */,
				29B97323FDCFA39411CA2CEA /* Frameworks */,
				19C28FACFE9D520D11CA2CBB /* Products */,
			);
			name = PsfPlayer;
			sourceTree = "<group>";
		};
		29B97315FDCFA39411CA2CEA /* Other Sources */ = {
			isa = PBXGroup;
			children = (
				28A0AB4B0D9B1048005BE974 /* PsfPlayer_Prefix.pch */,
				29B97316FDCFA39411CA2CEA /* main.m */,
			);
			name = "Other Sources";
			sourceTree = "<group>";
		};
		29B97317FDCFA39411CA2CEA /* Resources */ = {
			isa = PBXGroup;
			children = (
				7E4B3D940F9E9B2600675ED7 /* 101 - Dearly Beloved.psf2 */,
				7E4B3D950F9E9B2600675ED7 /* 220 - Hollow Bastion.psf2 */,
				282CCBFD0DB6C98000C4EA27 /* SecondView.xib */,
				28AD73870D9D96C1002E5188 /* MainWindow.xib */,
				8D1107310486CEB800E47090 /* Info.plist */,
			);
			name = Resources;
			sourceTree = "<group>";
		};
		29B97323FDCFA39411CA2CEA /* Frameworks */ = {
			isa = PBXGroup;
			children = (
				1DF5F4DF0D08C38300B7A737 /* UIKit.framework */,
				1D30AB110D05D00D00671497 /* Foundation.framework */,
				288765070DF74369002DB57D /* CoreGraphics.framework */,
			);
			name = Frameworks;
			sourceTree = "<group>";
		};
		7E4B3D9A0F9E9B4600675ED7 /* Products */ = {
			isa = PBXGroup;
			children = (
				7E4B3DA10F9E9B4600675ED7 /* libFramework-iPhone.a */,
			);
			name = Products;
			sourceTree = "<group>";
		};
		7EE767D60F8981B300BD0E72 /* PsfPlayer Core */ = {
			isa = PBXGroup;
			children = (
				7E4B3D0F0F9E99EB00675ED7 /* AppConfig.cpp */,
				7E4B3D100F9E99EB00675ED7 /* AppConfig.h */,
				7E4B3D110F9E99EB00675ED7 /* PsfBase.cpp */,
				7E4B3D120F9E99EB00675ED7 /* PsfBase.h */,
				7E4B3D130F9E99EB00675ED7 /* PsfBios.cpp */,
				7E4B3D140F9E99EB00675ED7 /* PsfBios.h */,
				7E4B3D150F9E99EB00675ED7 /* PsfDevice.cpp */,
				7E4B3D160F9E99EB00675ED7 /* PsfDevice.h */,
				7E4B3D170F9E99EB00675ED7 /* PsfLoader.cpp */,
				7E4B3D180F9E99EB00675ED7 /* PsfLoader.h */,
				7E4B3D190F9E99EB00675ED7 /* PsfTags.cpp */,
				7E4B3D1A0F9E99EB00675ED7 /* PsfTags.h */,
				7E4B3D1B0F9E99EB00675ED7 /* PsfVm.cpp */,
				7E4B3D1C0F9E99EB00675ED7 /* PsfVm.h */,
				7E4B3D1D0F9E99EB00675ED7 /* PsxBios.cpp */,
				7E4B3D1E0F9E99EB00675ED7 /* PsxBios.h */,
				7E4B3D1F0F9E99EB00675ED7 /* SH_OpenAL.cpp */,
				7E4B3D200F9E99EB00675ED7 /* SH_OpenAL.h */,
				7E4B3D210F9E99EB00675ED7 /* SpuHandler.cpp */,
				7E4B3D220F9E99EB00675ED7 /* SpuHandler.h */,
			);
			name = "PsfPlayer Core";
			sourceTree = "<group>";
		};
		7EE768430F89853C00BD0E72 /* Purei Core */ = {
			isa = PBXGroup;
			children = (
				7E4B3CAF0F9E994E00675ED7 /* ArrayStack.h */,
				7E4B3CB00F9E994E00675ED7 /* BasicBlock.cpp */,
				7E4B3CB10F9E994E00675ED7 /* BasicBlock.h */,
				7E4B3CB20F9E994E00675ED7 /* CodeGen.h */,
				7E4B3CB30F9E994E00675ED7 /* CodeGenBase.cpp */,
				7E4B3CB40F9E994E00675ED7 /* CodeGenBase.h */,
				7E4B3CB50F9E994E00675ED7 /* CodeGenInterpret.cpp */,
				7E4B3CB60F9E994E00675ED7 /* CodeGenInterpret.h */,
				7E4B3CB70F9E994E00675ED7 /* CodeGenInterpret_FPU.cpp */,
				7E4B3CB80F9E994E00675ED7 /* CodeGenInterpret_MD.cpp */,
				7E4B3CB90F9E994E00675ED7 /* ELF.cpp */,
				7E4B3CBA0F9E994E00675ED7 /* ELF.h */,
				7E4B3CBB0F9E994E00675ED7 /* ElfFile.cpp */,
				7E4B3CBC0F9E994E00675ED7 /* ElfFile.h */,
				7EE768A60F89877300BD0E72 /* iop */,
				7E4B3CC40F9E99A500675ED7 /* Log.cpp */,
				7E4B3CC50F9E99A500675ED7 /* Log.h */,
				7E4B3CC60F9E99A500675ED7 /* MA_MIPSIV.cpp */,
				7E4B3CC70F9E99A500675ED7 /* MA_MIPSIV.h */,
				7E4B3CC80F9E99A500675ED7 /* MA_MIPSIV_Reflection.cpp */,
				7E4B3CC90F9E99A500675ED7 /* MA_MIPSIV_Templates.cpp */,
				7E4B3CCA0F9E99A500675ED7 /* MailBox.cpp */,
				7E4B3CCB0F9E99A500675ED7 /* MailBox.h */,
				7E4B3CCC0F9E99A500675ED7 /* MemoryMap.cpp */,
				7E4B3CCD0F9E99A500675ED7 /* MemoryMap.h */,
				7E4B3CCE0F9E99A500675ED7 /* MemoryStateFile.cpp */,
				7E4B3CCF0F9E99A500675ED7 /* MemoryStateFile.h */,
				7E4B3CD00F9E99A500675ED7 /* MemoryUtils.cpp */,
				7E4B3CD10F9E99A500675ED7 /* MemoryUtils.h */,
				7E4B3CD20F9E99A500675ED7 /* MIPS.cpp */,
				7E4B3CD30F9E99A500675ED7 /* MIPS.h */,
				7E4B3CD40F9E99A500675ED7 /* MIPSAnalysis.cpp */,
				7E4B3CD50F9E99A500675ED7 /* MIPSAnalysis.h */,
				7E4B3CD60F9E99A500675ED7 /* MIPSArchitecture.cpp */,
				7E4B3CD70F9E99A500675ED7 /* MIPSArchitecture.h */,
				7E4B3CD80F9E99A500675ED7 /* MIPSAssembler.cpp */,
				7E4B3CD90F9E99A500675ED7 /* MIPSAssembler.h */,
				7E4B3CDA0F9E99A500675ED7 /* MipsAssemblerDefinitions.cpp */,
				7E4B3CDB0F9E99A500675ED7 /* MipsAssemblerDefinitions.h */,
				7E4B3CDC0F9E99A500675ED7 /* MipsCodeGen.cpp */,
				7E4B3CDD0F9E99A500675ED7 /* MipsCodeGen.h */,
				7E4B3CDE0F9E99A500675ED7 /* MIPSCoprocessor.cpp */,
				7E4B3CDF0F9E99A500675ED7 /* MIPSCoprocessor.h */,
				7E4B3CE00F9E99A500675ED7 /* MipsExecutor.cpp */,
				7E4B3CE10F9E99A500675ED7 /* MipsExecutor.h */,
				7E4B3CE20F9E99A500675ED7 /* MIPSInstructionFactory.cpp */,
				7E4B3CE30F9E99A500675ED7 /* MIPSInstructionFactory.h */,
				7E4B3CE40F9E99A500675ED7 /* MipsInterpretor.cpp */,
				7E4B3CE50F9E99A500675ED7 /* MipsInterpretor.h */,
				7E4B3CE60F9E99A500675ED7 /* MipsInterpretorGeneral.cpp */,
				7E4B3CE70F9E99A500675ED7 /* MipsInterpretorGeneral.h */,
				7E4B3CE80F9E99A500675ED7 /* MIPSModule.h */,
				7E4B3CE90F9E99A500675ED7 /* MIPSReflection.cpp */,
				7E4B3CEA0F9E99A500675ED7 /* MIPSReflection.h */,
				7E4B3CEB0F9E99A500675ED7 /* MIPSTags.cpp */,
				7E4B3CEC0F9E99A500675ED7 /* MIPSTags.h */,
				7E4B3CED0F9E99A500675ED7 /* offsetof_def.h */,
				7E4B3CEE0F9E99A500675ED7 /* OsStructManager.h */,
				7E4B3D060F9E99C100675ED7 /* StructCollectionStateFile.cpp */,
				7E4B3D070F9E99C100675ED7 /* StructCollectionStateFile.h */,
				7E4B3D080F9E99C100675ED7 /* StructFile.cpp */,
				7E4B3D090F9E99C100675ED7 /* StructFile.h */,
				7E4B3D0A0F9E99C100675ED7 /* VUShared.h */,
			);
			name = "Purei Core";
			sourceTree = "<group>";
		};
		7EE768A60F89877300BD0E72 /* iop */ = {
			isa = PBXGroup;
			children = (
				7E4B3D2F0F9E9A3D00675ED7 /* ArgumentIterator.cpp */,
				7E4B3D300F9E9A3D00675ED7 /* ArgumentIterator.h */,
				7E4B3D310F9E9A3D00675ED7 /* Ioman_Device.h */,
				7E4B3D320F9E9A3D00675ED7 /* Iop_BiosBase.h */,
				7E4B3D330F9E9A3D00675ED7 /* Iop_Dmac.cpp */,
				7E4B3D340F9E9A3D00675ED7 /* Iop_Dmac.h */,
				7E4B3D350F9E9A3D00675ED7 /* Iop_DmacChannel.cpp */,
				7E4B3D360F9E9A3D00675ED7 /* Iop_DmacChannel.h */,
				7E4B3D370F9E9A3D00675ED7 /* Iop_Dynamic.cpp */,
				7E4B3D380F9E9A3D00675ED7 /* Iop_Dynamic.h */,
				7E4B3D390F9E9A3D00675ED7 /* Iop_Intc.cpp */,
				7E4B3D3A0F9E9A3D00675ED7 /* Iop_Intc.h */,
				7E4B3D3B0F9E9A3D00675ED7 /* Iop_Intrman.cpp */,
				7E4B3D3C0F9E9A3D00675ED7 /* Iop_Intrman.h */,
				7E4B3D3D0F9E9A3D00675ED7 /* Iop_Ioman.cpp */,
				7E4B3D3E0F9E9A3D00675ED7 /* Iop_Ioman.h */,
				7E4B3D3F0F9E9A3D00675ED7 /* Iop_Loadcore.cpp */,
				7E4B3D400F9E9A3D00675ED7 /* Iop_Loadcore.h */,
				7E4B3D410F9E9A3D00675ED7 /* Iop_Modload.cpp */,
				7E4B3D420F9E9A3D00675ED7 /* Iop_Modload.h */,
				7E4B3D430F9E9A3D00675ED7 /* Iop_Module.h */,
				7E4B3D440F9E9A3D00675ED7 /* Iop_RootCounters.cpp */,
				7E4B3D450F9E9A3D00675ED7 /* Iop_RootCounters.h */,
				7E4B3D460F9E9A3D00675ED7 /* Iop_SifCmd.cpp */,
				7E4B3D470F9E9A3D00675ED7 /* Iop_SifCmd.h */,
				7E4B3D480F9E9A3D00675ED7 /* Iop_SifDynamic.cpp */,
				7E4B3D490F9E9A3D00675ED7 /* Iop_SifDynamic.h */,
				7E4B3D4A0F9E9A3D00675ED7 /* Iop_SifMan.cpp */,
				7E4B3D4B0F9E9A3D00675ED7 /* Iop_Sifman.h */,
				7E4B3D4C0F9E9A3D00675ED7 /* Iop_SifManNull.cpp */,
				7E4B3D4D0F9E9A3D00675ED7 /* Iop_SifManNull.h */,
				7E4B3D4E0F9E9A3D00675ED7 /* Iop_Spu.cpp */,
				7E4B3D4F0F9E9A3D00675ED7 /* Iop_Spu.h */,
				7E4B3D500F9E9A3D00675ED7 /* Iop_Spu2.cpp */,
				7E4B3D510F9E9A3D00675ED7 /* Iop_Spu2.h */,
				7E4B3D520F9E9A3D00675ED7 /* Iop_Spu2_Core.cpp */,
				7E4B3D530F9E9A3D00675ED7 /* Iop_Spu2_Core.h */,
				7E4B3D540F9E9A3D00675ED7 /* Iop_SpuBase.cpp */,
				7E4B3D550F9E9A3D00675ED7 /* Iop_SpuBase.h */,
				7E4B3D560F9E9A3D00675ED7 /* Iop_Stdio.cpp */,
				7E4B3D570F9E9A3D00675ED7 /* Iop_Stdio.h */,
				7E4B3D580F9E9A3D00675ED7 /* Iop_SubSystem.cpp */,
				7E4B3D590F9E9A3D00675ED7 /* Iop_SubSystem.h */,
				7E4B3D5A0F9E9A3D00675ED7 /* Iop_Sysclib.cpp */,
				7E4B3D5B0F9E9A3D00675ED7 /* Iop_Sysclib.h */,
				7E4B3D5C0F9E9A3D00675ED7 /* Iop_Sysmem.cpp */,
				7E4B3D5D0F9E9A3D00675ED7 /* Iop_Sysmem.h */,
				7E4B3D5E0F9E9A3D00675ED7 /* Iop_Thbase.cpp */,
				7E4B3D5F0F9E9A3D00675ED7 /* Iop_Thbase.h */,
				7E4B3D600F9E9A3D00675ED7 /* Iop_Thevent.cpp */,
				7E4B3D610F9E9A3D00675ED7 /* Iop_Thevent.h */,
				7E4B3D620F9E9A3D00675ED7 /* Iop_Thsema.cpp */,
				7E4B3D630F9E9A3D00675ED7 /* Iop_Thsema.h */,
				7E4B3D640F9E9A3D00675ED7 /* Iop_Timrman.cpp */,
				7E4B3D650F9E9A3D00675ED7 /* Iop_Timrman.h */,
				7E4B3D660F9E9A3D00675ED7 /* Iop_Vblank.cpp */,
				7E4B3D670F9E9A3D00675ED7 /* Iop_Vblank.h */,
				7E4B3D680F9E9A3D00675ED7 /* IopBios.cpp */,
				7E4B3D690F9E9A3D00675ED7 /* IopBios.h */,
			);
			name = iop;
			sourceTree = "<group>";
		};
/* End PBXGroup section */

/* Begin PBXNativeTarget section */
		1D6058900D05DD3D006BFB54 /* PsfPlayer */ = {
			isa = PBXNativeTarget;
			buildConfigurationList = 1D6058960D05DD3E006BFB54 /* Build configuration list for PBXNativeTarget "PsfPlayer" */;
			buildPhases = (
				1D60588D0D05DD3D006BFB54 /* Resources */,
				1D60588E0D05DD3D006BFB54 /* Sources */,
				1D60588F0D05DD3D006BFB54 /* Frameworks */,
			);
			buildRules = (
			);
			dependencies = (
			);
			name = PsfPlayer;
			productName = PsfPlayer;
			productReference = 1D6058910D05DD3D006BFB54 /* PsfPlayer.app */;
			productType = "com.apple.product-type.application";
		};
/* End PBXNativeTarget section */

/* Begin PBXProject section */
		29B97313FDCFA39411CA2CEA /* Project object */ = {
			isa = PBXProject;
			buildConfigurationList = C01FCF4E08A954540054247B /* Build configuration list for PBXProject "PsfPlayer" */;
			compatibilityVersion = "Xcode 3.1";
			hasScannedForEncodings = 1;
			mainGroup = 29B97314FDCFA39411CA2CEA /* PsfPlayer */;
			projectDirPath = "";
			projectReferences = (
				{
					ProductGroup = 7E4B3D9A0F9E9B4600675ED7 /* Products */;
					ProjectRef = 7E4B3D990F9E9B4600675ED7 /* Framework-iPhone.xcodeproj */;
				},
			);
			projectRoot = "";
			targets = (
				1D6058900D05DD3D006BFB54 /* PsfPlayer */,
			);
		};
/* End PBXProject section */

/* Begin PBXReferenceProxy section */
		7E4B3DA10F9E9B4600675ED7 /* libFramework-iPhone.a */ = {
			isa = PBXReferenceProxy;
			fileType = archive.ar;
			path = "libFramework-iPhone.a";
			remoteRef = 7E4B3DA00F9E9B4600675ED7 /* PBXContainerItemProxy */;
			sourceTree = BUILT_PRODUCTS_DIR;
		};
/* End PBXReferenceProxy section */

/* Begin PBXResourcesBuildPhase section */
		1D60588D0D05DD3D006BFB54 /* Resources */ = {
			isa = PBXResourcesBuildPhase;
			buildActionMask = 2147483647;
			files = (
				28AD73880D9D96C1002E5188 /* MainWindow.xib in Resources */,
				282CCBFE0DB6C98000C4EA27 /* SecondView.xib in Resources */,
				7E4B3D960F9E9B2600675ED7 /* 101 - Dearly Beloved.psf2 in Resources */,
				7E4B3D970F9E9B2600675ED7 /* 220 - Hollow Bastion.psf2 in Resources */,
			);
			runOnlyForDeploymentPostprocessing = 0;
		};
/* End PBXResourcesBuildPhase section */

/* Begin PBXSourcesBuildPhase section */
		1D60588E0D05DD3D006BFB54 /* Sources */ = {
			isa = PBXSourcesBuildPhase;
			buildActionMask = 2147483647;
			files = (
				1D60589B0D05DD56006BFB54 /* main.m in Sources */,
				1D3623260D0F684500981E51 /* PsfPlayerAppDelegate.mm in Sources */,
				28216C970DB411BC00E5133A /* FirstViewController.mm in Sources */,
				7E4B3CBD0F9E994E00675ED7 /* BasicBlock.cpp in Sources */,
				7E4B3CBE0F9E994E00675ED7 /* CodeGenBase.cpp in Sources */,
				7E4B3CBF0F9E994E00675ED7 /* CodeGenInterpret.cpp in Sources */,
				7E4B3CC00F9E994E00675ED7 /* CodeGenInterpret_FPU.cpp in Sources */,
				7E4B3CC10F9E994E00675ED7 /* CodeGenInterpret_MD.cpp in Sources */,
				7E4B3CC20F9E994E00675ED7 /* ELF.cpp in Sources */,
				7E4B3CC30F9E994E00675ED7 /* ElfFile.cpp in Sources */,
				7E4B3CEF0F9E99A500675ED7 /* Log.cpp in Sources */,
				7E4B3CF00F9E99A500675ED7 /* MA_MIPSIV.cpp in Sources */,
				7E4B3CF10F9E99A500675ED7 /* MA_MIPSIV_Reflection.cpp in Sources */,
				7E4B3CF20F9E99A500675ED7 /* MA_MIPSIV_Templates.cpp in Sources */,
				7E4B3CF30F9E99A500675ED7 /* MailBox.cpp in Sources */,
				7E4B3CF40F9E99A500675ED7 /* MemoryMap.cpp in Sources */,
				7E4B3CF50F9E99A500675ED7 /* MemoryStateFile.cpp in Sources */,
				7E4B3CF60F9E99A500675ED7 /* MemoryUtils.cpp in Sources */,
				7E4B3CF70F9E99A500675ED7 /* MIPS.cpp in Sources */,
				7E4B3CF80F9E99A500675ED7 /* MIPSAnalysis.cpp in Sources */,
				7E4B3CF90F9E99A500675ED7 /* MIPSArchitecture.cpp in Sources */,
				7E4B3CFA0F9E99A500675ED7 /* MIPSAssembler.cpp in Sources */,
				7E4B3CFB0F9E99A500675ED7 /* MipsAssemblerDefinitions.cpp in Sources */,
				7E4B3CFC0F9E99A500675ED7 /* MipsCodeGen.cpp in Sources */,
				7E4B3CFD0F9E99A500675ED7 /* MIPSCoprocessor.cpp in Sources */,
				7E4B3CFE0F9E99A500675ED7 /* MipsExecutor.cpp in Sources */,
				7E4B3CFF0F9E99A500675ED7 /* MIPSInstructionFactory.cpp in Sources */,
				7E4B3D000F9E99A500675ED7 /* MipsInterpretor.cpp in Sources */,
				7E4B3D010F9E99A500675ED7 /* MipsInterpretorGeneral.cpp in Sources */,
				7E4B3D020F9E99A500675ED7 /* MIPSReflection.cpp in Sources */,
				7E4B3D030F9E99A500675ED7 /* MIPSTags.cpp in Sources */,
				7E4B3D0B0F9E99C100675ED7 /* StructCollectionStateFile.cpp in Sources */,
				7E4B3D0C0F9E99C100675ED7 /* StructFile.cpp in Sources */,
				7E4B3D230F9E99EB00675ED7 /* AppConfig.cpp in Sources */,
				7E4B3D240F9E99EB00675ED7 /* PsfBase.cpp in Sources */,
				7E4B3D250F9E99EB00675ED7 /* PsfBios.cpp in Sources */,
				7E4B3D260F9E99EB00675ED7 /* PsfDevice.cpp in Sources */,
				7E4B3D270F9E99EB00675ED7 /* PsfLoader.cpp in Sources */,
				7E4B3D280F9E99EB00675ED7 /* PsfTags.cpp in Sources */,
				7E4B3D290F9E99EB00675ED7 /* PsfVm.cpp in Sources */,
				7E4B3D2A0F9E99EB00675ED7 /* PsxBios.cpp in Sources */,
				7E4B3D2B0F9E99EB00675ED7 /* SH_OpenAL.cpp in Sources */,
				7E4B3D2C0F9E99EB00675ED7 /* SpuHandler.cpp in Sources */,
				7E4B3D6A0F9E9A3D00675ED7 /* ArgumentIterator.cpp in Sources */,
				7E4B3D6B0F9E9A3D00675ED7 /* Iop_Dmac.cpp in Sources */,
				7E4B3D6C0F9E9A3D00675ED7 /* Iop_DmacChannel.cpp in Sources */,
				7E4B3D6D0F9E9A3D00675ED7 /* Iop_Dynamic.cpp in Sources */,
				7E4B3D6E0F9E9A3D00675ED7 /* Iop_Intc.cpp in Sources */,
				7E4B3D6F0F9E9A3D00675ED7 /* Iop_Intrman.cpp in Sources */,
				7E4B3D700F9E9A3D00675ED7 /* Iop_Ioman.cpp in Sources */,
				7E4B3D710F9E9A3D00675ED7 /* Iop_Loadcore.cpp in Sources */,
				7E4B3D720F9E9A3D00675ED7 /* Iop_Modload.cpp in Sources */,
				7E4B3D730F9E9A3D00675ED7 /* Iop_RootCounters.cpp in Sources */,
				7E4B3D740F9E9A3D00675ED7 /* Iop_SifCmd.cpp in Sources */,
				7E4B3D750F9E9A3D00675ED7 /* Iop_SifDynamic.cpp in Sources */,
				7E4B3D760F9E9A3D00675ED7 /* Iop_SifMan.cpp in Sources */,
				7E4B3D770F9E9A3D00675ED7 /* Iop_SifManNull.cpp in Sources */,
				7E4B3D780F9E9A3D00675ED7 /* Iop_Spu.cpp in Sources */,
				7E4B3D790F9E9A3D00675ED7 /* Iop_Spu2.cpp in Sources */,
				7E4B3D7A0F9E9A3D00675ED7 /* Iop_Spu2_Core.cpp in Sources */,
				7E4B3D7B0F9E9A3D00675ED7 /* Iop_SpuBase.cpp in Sources */,
				7E4B3D7C0F9E9A3D00675ED7 /* Iop_Stdio.cpp in Sources */,
				7E4B3D7D0F9E9A3D00675ED7 /* Iop_SubSystem.cpp in Sources */,
				7E4B3D7E0F9E9A3D00675ED7 /* Iop_Sysclib.cpp in Sources */,
				7E4B3D7F0F9E9A3D00675ED7 /* Iop_Sysmem.cpp in Sources */,
				7E4B3D800F9E9A3D00675ED7 /* Iop_Thbase.cpp in Sources */,
				7E4B3D810F9E9A3D00675ED7 /* Iop_Thevent.cpp in Sources */,
				7E4B3D820F9E9A3D00675ED7 /* Iop_Thsema.cpp in Sources */,
				7E4B3D830F9E9A3D00675ED7 /* Iop_Timrman.cpp in Sources */,
				7E4B3D840F9E9A3D00675ED7 /* Iop_Vblank.cpp in Sources */,
				7E4B3D850F9E9A3D00675ED7 /* IopBios.cpp in Sources */,
			);
			runOnlyForDeploymentPostprocessing = 0;
		};
/* End PBXSourcesBuildPhase section */

/* Begin XCBuildConfiguration section */
		1D6058940D05DD3E006BFB54 /* Debug */ = {
			isa = XCBuildConfiguration;
			buildSettings = {
				ALWAYS_SEARCH_USER_PATHS = NO;
				COPY_PHASE_STRIP = NO;
				GCC_DYNAMIC_NO_PIC = NO;
				GCC_OPTIMIZATION_LEVEL = 0;
				GCC_PRECOMPILE_PREFIX_HEADER = YES;
				GCC_PREFIX_HEADER = PsfPlayer_Prefix.pch;
				INFOPLIST_FILE = Info.plist;
				LIBRARY_SEARCH_PATHS = (
					"$(inherited)",
					"\"$(SRCROOT)/../../../../../Libraries/boost_1_38_0/stage-iphone/lib\"",
					"\"$(SRCROOT)/../../../../../../Libraries/boost_1_38_0/bin.v2/libs/signals/build/darwin-4.0.1~iphone/release/architecture-arm/link-static/macosx-version-iphone-2.2/target-os-iphone/threading-multi\"",
					"\"$(SRCROOT)/../../../../../../Libraries/boost_1_38_0/stage-iphone/lib\"",
				);
				PRODUCT_NAME = PsfPlayer;
			};
			name = Debug;
		};
		1D6058950D05DD3E006BFB54 /* Release */ = {
			isa = XCBuildConfiguration;
			buildSettings = {
				ALWAYS_SEARCH_USER_PATHS = NO;
				COPY_PHASE_STRIP = YES;
				GCC_PRECOMPILE_PREFIX_HEADER = YES;
				GCC_PREFIX_HEADER = PsfPlayer_Prefix.pch;
				INFOPLIST_FILE = Info.plist;
				LIBRARY_SEARCH_PATHS = (
					"$(inherited)",
					"\"$(SRCROOT)/../../../../../Libraries/boost_1_38_0/stage-iphone/lib\"",
					"\"$(SRCROOT)/../../../../../../Libraries/boost_1_38_0/bin.v2/libs/signals/build/darwin-4.0.1~iphone/release/architecture-arm/link-static/macosx-version-iphone-2.2/target-os-iphone/threading-multi\"",
					"\"$(SRCROOT)/../../../../../../Libraries/boost_1_38_0/stage-iphone/lib\"",
				);
				PRODUCT_NAME = PsfPlayer;
			};
			name = Release;
		};
		C01FCF4F08A954540054247B /* Debug */ = {
			isa = XCBuildConfiguration;
			buildSettings = {
				ARCHS = "$(ARCHS_STANDARD_32_BIT)";
				"CODE_SIGN_IDENTITY[sdk=iphoneos*]" = "iPhone Developer";
				GCC_C_LANGUAGE_STANDARD = c99;
				GCC_PREPROCESSOR_DEFINITIONS = (
					INTERPRET_CPU,
					ARM,
				);
				GCC_THUMB_SUPPORT = NO;
				GCC_WARN_ABOUT_RETURN_TYPE = YES;
				GCC_WARN_UNUSED_VARIABLE = YES;
				HEADER_SEARCH_PATHS = (
					"/usr/local/include/boost-1_38/boost/tr1/tr1",
					"/usr/local/include/boost-1_38/",
					"~/Projects/Framework/include",
					"~/Projects/Purei/Source",
				);
				ONLY_ACTIVE_ARCH = YES;
				PREBINDING = NO;
				SDKROOT = iphoneos2.2.1;
			};
			name = Debug;
		};
		C01FCF5008A954540054247B /* Release */ = {
			isa = XCBuildConfiguration;
			buildSettings = {
				ARCHS = "$(ARCHS_STANDARD_32_BIT)";
				"CODE_SIGN_IDENTITY[sdk=iphoneos*]" = "iPhone Developer";
				GCC_C_LANGUAGE_STANDARD = c99;
				GCC_PREPROCESSOR_DEFINITIONS = (
					INTERPRET_CPU,
					ARM,
				);
				GCC_THUMB_SUPPORT = NO;
				GCC_WARN_ABOUT_RETURN_TYPE = YES;
				GCC_WARN_UNUSED_VARIABLE = YES;
				HEADER_SEARCH_PATHS = (
					"/usr/local/include/boost-1_38/boost/tr1/tr1",
					"/usr/local/include/boost-1_38/",
					"~/Projects/Framework/include",
					"~/Projects/Purei/Source",
				);
				PREBINDING = NO;
				SDKROOT = iphoneos2.2.1;
			};
			name = Release;
		};
/* End XCBuildConfiguration section */

/* Begin XCConfigurationList section */
		1D6058960D05DD3E006BFB54 /* Build configuration list for PBXNativeTarget "PsfPlayer" */ = {
			isa = XCConfigurationList;
			buildConfigurations = (
				1D6058940D05DD3E006BFB54 /* Debug */,
				1D6058950D05DD3E006BFB54 /* Release */,
			);
			defaultConfigurationIsVisible = 0;
			defaultConfigurationName = Release;
		};
		C01FCF4E08A954540054247B /* Build configuration list for PBXProject "PsfPlayer" */ = {
			isa = XCConfigurationList;
			buildConfigurations = (
				C01FCF4F08A954540054247B /* Debug */,
				C01FCF5008A954540054247B /* Release */,
			);
			defaultConfigurationIsVisible = 0;
			defaultConfigurationName = Release;
		};
/* End XCConfigurationList section */
	};
	rootObject = 29B97313FDCFA39411CA2CEA /* Project object */;
}
