// !$*UTF8*$!
{
	archiveVersion = 1;
	classes = {
	};
	objectVersion = 45;
	objects = {

/* Begin PBXBuildFile section */
		1DDD58160DA1D0A300B32029 /* MainMenu.xib in Resources */ = {isa = PBXBuildFile; fileRef = 1DDD58140DA1D0A300B32029 /* MainMenu.xib */; };
		7E2A16BF0F95545A00D3F99D /* PsfBase.cpp in Sources */ = {isa = PBXBuildFile; fileRef = 7E2A16AF0F95545A00D3F99D /* PsfBase.cpp */; };
		7E2A16C00F95545A00D3F99D /* PsfBios.cpp in Sources */ = {isa = PBXBuildFile; fileRef = 7E2A16B10F95545A00D3F99D /* PsfBios.cpp */; };
		7E2A16C10F95545A00D3F99D /* PsfDevice.cpp in Sources */ = {isa = PBXBuildFile; fileRef = 7E2A16B30F95545A00D3F99D /* PsfDevice.cpp */; };
		7E2A16C20F95545A00D3F99D /* PsfLoader.cpp in Sources */ = {isa = PBXBuildFile; fileRef = 7E2A16B50F95545A00D3F99D /* PsfLoader.cpp */; };
		7E2A16C30F95545A00D3F99D /* PsfVm.cpp in Sources */ = {isa = PBXBuildFile; fileRef = 7E2A16B70F95545A00D3F99D /* PsfVm.cpp */; };
		7E2A16C40F95545A00D3F99D /* PsxBios.cpp in Sources */ = {isa = PBXBuildFile; fileRef = 7E2A16B90F95545A00D3F99D /* PsxBios.cpp */; };
		7E2A16C50F95545A00D3F99D /* SH_OpenAL.cpp in Sources */ = {isa = PBXBuildFile; fileRef = 7E2A16BB0F95545A00D3F99D /* SH_OpenAL.cpp */; };
		7E2A16C60F95545A00D3F99D /* SpuHandler.cpp in Sources */ = {isa = PBXBuildFile; fileRef = 7E2A16BD0F95545A00D3F99D /* SpuHandler.cpp */; };
		7E2A16D30F95548A00D3F99D /* BasicBlock.cpp in Sources */ = {isa = PBXBuildFile; fileRef = 7E2A16C80F95548A00D3F99D /* BasicBlock.cpp */; };
		7E2A16D40F95548A00D3F99D /* CodeGen.cpp in Sources */ = {isa = PBXBuildFile; fileRef = 7E2A16CA0F95548A00D3F99D /* CodeGen.cpp */; };
		7E2A16D50F95548A00D3F99D /* CodeGen_FPU.cpp in Sources */ = {isa = PBXBuildFile; fileRef = 7E2A16CC0F95548A00D3F99D /* CodeGen_FPU.cpp */; };
		7E2A16D60F95548A00D3F99D /* CodeGen_MD.cpp in Sources */ = {isa = PBXBuildFile; fileRef = 7E2A16CD0F95548A00D3F99D /* CodeGen_MD.cpp */; };
		7E2A16D70F95548A00D3F99D /* ELF.cpp in Sources */ = {isa = PBXBuildFile; fileRef = 7E2A16CF0F95548A00D3F99D /* ELF.cpp */; };
		7E2A16D80F95548A00D3F99D /* ElfFile.cpp in Sources */ = {isa = PBXBuildFile; fileRef = 7E2A16D10F95548A00D3F99D /* ElfFile.cpp */; };
		7E2A17010F9554D300D3F99D /* Log.cpp in Sources */ = {isa = PBXBuildFile; fileRef = 7E2A16D90F9554D300D3F99D /* Log.cpp */; };
		7E2A17020F9554D300D3F99D /* MA_MIPSIV.cpp in Sources */ = {isa = PBXBuildFile; fileRef = 7E2A16DB0F9554D300D3F99D /* MA_MIPSIV.cpp */; };
		7E2A17030F9554D300D3F99D /* MA_MIPSIV_Reflection.cpp in Sources */ = {isa = PBXBuildFile; fileRef = 7E2A16DD0F9554D300D3F99D /* MA_MIPSIV_Reflection.cpp */; };
		7E2A17040F9554D300D3F99D /* MA_MIPSIV_Templates.cpp in Sources */ = {isa = PBXBuildFile; fileRef = 7E2A16DE0F9554D300D3F99D /* MA_MIPSIV_Templates.cpp */; };
		7E2A17050F9554D300D3F99D /* MailBox.cpp in Sources */ = {isa = PBXBuildFile; fileRef = 7E2A16DF0F9554D300D3F99D /* MailBox.cpp */; };
		7E2A17060F9554D300D3F99D /* MemoryMap.cpp in Sources */ = {isa = PBXBuildFile; fileRef = 7E2A16E10F9554D300D3F99D /* MemoryMap.cpp */; };
		7E2A17070F9554D300D3F99D /* MemoryStateFile.cpp in Sources */ = {isa = PBXBuildFile; fileRef = 7E2A16E30F9554D300D3F99D /* MemoryStateFile.cpp */; };
		7E2A17080F9554D300D3F99D /* MemoryUtils.cpp in Sources */ = {isa = PBXBuildFile; fileRef = 7E2A16E50F9554D300D3F99D /* MemoryUtils.cpp */; };
		7E2A17090F9554D300D3F99D /* MIPS.cpp in Sources */ = {isa = PBXBuildFile; fileRef = 7E2A16E70F9554D300D3F99D /* MIPS.cpp */; };
		7E2A170A0F9554D300D3F99D /* MIPSAnalysis.cpp in Sources */ = {isa = PBXBuildFile; fileRef = 7E2A16E90F9554D300D3F99D /* MIPSAnalysis.cpp */; };
		7E2A170B0F9554D300D3F99D /* MIPSArchitecture.cpp in Sources */ = {isa = PBXBuildFile; fileRef = 7E2A16EB0F9554D300D3F99D /* MIPSArchitecture.cpp */; };
		7E2A170C0F9554D300D3F99D /* MIPSAssembler.cpp in Sources */ = {isa = PBXBuildFile; fileRef = 7E2A16ED0F9554D300D3F99D /* MIPSAssembler.cpp */; };
		7E2A170D0F9554D300D3F99D /* MipsAssemblerDefinitions.cpp in Sources */ = {isa = PBXBuildFile; fileRef = 7E2A16EF0F9554D300D3F99D /* MipsAssemblerDefinitions.cpp */; };
		7E2A170E0F9554D300D3F99D /* MipsCodeGen.cpp in Sources */ = {isa = PBXBuildFile; fileRef = 7E2A16F10F9554D300D3F99D /* MipsCodeGen.cpp */; };
		7E2A170F0F9554D300D3F99D /* MIPSCoprocessor.cpp in Sources */ = {isa = PBXBuildFile; fileRef = 7E2A16F30F9554D300D3F99D /* MIPSCoprocessor.cpp */; };
		7E2A17100F9554D300D3F99D /* MipsExecutor.cpp in Sources */ = {isa = PBXBuildFile; fileRef = 7E2A16F50F9554D300D3F99D /* MipsExecutor.cpp */; };
		7E2A17110F9554D300D3F99D /* MIPSInstructionFactory.cpp in Sources */ = {isa = PBXBuildFile; fileRef = 7E2A16F70F9554D300D3F99D /* MIPSInstructionFactory.cpp */; };
		7E2A17120F9554D300D3F99D /* MIPSReflection.cpp in Sources */ = {isa = PBXBuildFile; fileRef = 7E2A16FA0F9554D300D3F99D /* MIPSReflection.cpp */; };
		7E2A17130F9554D300D3F99D /* MIPSTags.cpp in Sources */ = {isa = PBXBuildFile; fileRef = 7E2A16FC0F9554D300D3F99D /* MIPSTags.cpp */; };
		7E2A17180F9554F400D3F99D /* X86Assembler.cpp in Sources */ = {isa = PBXBuildFile; fileRef = 7E2A17140F9554F400D3F99D /* X86Assembler.cpp */; };
		7E2A17190F9554F400D3F99D /* X86Assembler_Fpu.cpp in Sources */ = {isa = PBXBuildFile; fileRef = 7E2A17160F9554F400D3F99D /* X86Assembler_Fpu.cpp */; };
		7E2A171A0F9554F400D3F99D /* X86Assembler_Sse.cpp in Sources */ = {isa = PBXBuildFile; fileRef = 7E2A17170F9554F400D3F99D /* X86Assembler_Sse.cpp */; };
		7E2A17380F95552500D3F99D /* Iop_Dmac.cpp in Sources */ = {isa = PBXBuildFile; fileRef = 7E2A171F0F95552500D3F99D /* Iop_Dmac.cpp */; };
		7E2A17390F95552500D3F99D /* Iop_DmacChannel.cpp in Sources */ = {isa = PBXBuildFile; fileRef = 7E2A17210F95552500D3F99D /* Iop_DmacChannel.cpp */; };
		7E2A173A0F95552500D3F99D /* Iop_Dynamic.cpp in Sources */ = {isa = PBXBuildFile; fileRef = 7E2A17230F95552500D3F99D /* Iop_Dynamic.cpp */; };
		7E2A173B0F95552500D3F99D /* Iop_Intc.cpp in Sources */ = {isa = PBXBuildFile; fileRef = 7E2A17250F95552500D3F99D /* Iop_Intc.cpp */; };
		7E2A173C0F95552500D3F99D /* Iop_Intrman.cpp in Sources */ = {isa = PBXBuildFile; fileRef = 7E2A17270F95552500D3F99D /* Iop_Intrman.cpp */; };
		7E2A173D0F95552500D3F99D /* Iop_Ioman.cpp in Sources */ = {isa = PBXBuildFile; fileRef = 7E2A17290F95552500D3F99D /* Iop_Ioman.cpp */; };
		7E2A173E0F95552500D3F99D /* Iop_Loadcore.cpp in Sources */ = {isa = PBXBuildFile; fileRef = 7E2A172B0F95552500D3F99D /* Iop_Loadcore.cpp */; };
		7E2A173F0F95552500D3F99D /* Iop_Modload.cpp in Sources */ = {isa = PBXBuildFile; fileRef = 7E2A172D0F95552500D3F99D /* Iop_Modload.cpp */; };
		7E2A17400F95552500D3F99D /* Iop_RootCounters.cpp in Sources */ = {isa = PBXBuildFile; fileRef = 7E2A17300F95552500D3F99D /* Iop_RootCounters.cpp */; };
		7E2A17410F95552500D3F99D /* Iop_SifDynamic.cpp in Sources */ = {isa = PBXBuildFile; fileRef = 7E2A17320F95552500D3F99D /* Iop_SifDynamic.cpp */; };
		7E2A17420F95552500D3F99D /* Iop_SifMan.cpp in Sources */ = {isa = PBXBuildFile; fileRef = 7E2A17340F95552500D3F99D /* Iop_SifMan.cpp */; };
		7E2A17430F95552500D3F99D /* Iop_SifManNull.cpp in Sources */ = {isa = PBXBuildFile; fileRef = 7E2A17360F95552500D3F99D /* Iop_SifManNull.cpp */; };
		7E2A175E0F95554C00D3F99D /* Iop_Spu.cpp in Sources */ = {isa = PBXBuildFile; fileRef = 7E2A17440F95554C00D3F99D /* Iop_Spu.cpp */; };
		7E2A175F0F95554C00D3F99D /* Iop_Spu2.cpp in Sources */ = {isa = PBXBuildFile; fileRef = 7E2A17460F95554C00D3F99D /* Iop_Spu2.cpp */; };
		7E2A17600F95554C00D3F99D /* Iop_Spu2_Core.cpp in Sources */ = {isa = PBXBuildFile; fileRef = 7E2A17480F95554C00D3F99D /* Iop_Spu2_Core.cpp */; };
		7E2A17610F95554C00D3F99D /* Iop_SpuBase.cpp in Sources */ = {isa = PBXBuildFile; fileRef = 7E2A174A0F95554C00D3F99D /* Iop_SpuBase.cpp */; };
		7E2A17620F95554C00D3F99D /* Iop_Stdio.cpp in Sources */ = {isa = PBXBuildFile; fileRef = 7E2A174C0F95554C00D3F99D /* Iop_Stdio.cpp */; };
		7E2A17630F95554C00D3F99D /* Iop_SubSystem.cpp in Sources */ = {isa = PBXBuildFile; fileRef = 7E2A174E0F95554C00D3F99D /* Iop_SubSystem.cpp */; };
		7E2A17640F95554C00D3F99D /* Iop_Sysclib.cpp in Sources */ = {isa = PBXBuildFile; fileRef = 7E2A17500F95554C00D3F99D /* Iop_Sysclib.cpp */; };
		7E2A17650F95554C00D3F99D /* Iop_Sysmem.cpp in Sources */ = {isa = PBXBuildFile; fileRef = 7E2A17520F95554C00D3F99D /* Iop_Sysmem.cpp */; };
		7E2A17660F95554C00D3F99D /* Iop_Thbase.cpp in Sources */ = {isa = PBXBuildFile; fileRef = 7E2A17540F95554C00D3F99D /* Iop_Thbase.cpp */; };
		7E2A17670F95554C00D3F99D /* Iop_Thevent.cpp in Sources */ = {isa = PBXBuildFile; fileRef = 7E2A17560F95554C00D3F99D /* Iop_Thevent.cpp */; };
		7E2A17680F95554C00D3F99D /* Iop_Thsema.cpp in Sources */ = {isa = PBXBuildFile; fileRef = 7E2A17580F95554C00D3F99D /* Iop_Thsema.cpp */; };
		7E2A17690F95554C00D3F99D /* Iop_Timrman.cpp in Sources */ = {isa = PBXBuildFile; fileRef = 7E2A175A0F95554C00D3F99D /* Iop_Timrman.cpp */; };
		7E2A176A0F95554C00D3F99D /* IopBios.cpp in Sources */ = {isa = PBXBuildFile; fileRef = 7E2A175C0F95554C00D3F99D /* IopBios.cpp */; };
		7E6281D90F05CF94003F9463 /* ApplicationDelegate.mm in Sources */ = {isa = PBXBuildFile; fileRef = 7E6281D80F05CF94003F9463 /* ApplicationDelegate.mm */; };
		7E6283320F06CDB8003F9463 /* Playlist.mm in Sources */ = {isa = PBXBuildFile; fileRef = 7E6283310F06CDB8003F9463 /* Playlist.mm */; };
		7E6283380F06D082003F9463 /* PlaylistItem.mm in Sources */ = {isa = PBXBuildFile; fileRef = 7E6283370F06D082003F9463 /* PlaylistItem.mm */; };
		7E9000790F059BB4008B14D1 /* OpenAL.framework in Frameworks */ = {isa = PBXBuildFile; fileRef = 7E9000780F059BB4008B14D1 /* OpenAL.framework */; };
		7E9000960F059C67008B14D1 /* libFramework.a in Frameworks */ = {isa = PBXBuildFile; fileRef = 7E9000940F059C25008B14D1 /* libFramework.a */; };
		7E9000A20F059CFC008B14D1 /* libboost_filesystem-xgcc40-mt.dylib in Frameworks */ = {isa = PBXBuildFile; fileRef = 7E90009E0F059CFC008B14D1 /* libboost_filesystem-xgcc40-mt.dylib */; };
		7E9000A30F059CFC008B14D1 /* libboost_signals-xgcc40-mt.dylib in Frameworks */ = {isa = PBXBuildFile; fileRef = 7E90009F0F059CFC008B14D1 /* libboost_signals-xgcc40-mt.dylib */; };
		7E9000A40F059CFC008B14D1 /* libboost_system-xgcc40-mt.dylib in Frameworks */ = {isa = PBXBuildFile; fileRef = 7E9000A00F059CFC008B14D1 /* libboost_system-xgcc40-mt.dylib */; };
		7E9000A50F059CFC008B14D1 /* libboost_thread-xgcc40-mt.dylib in Frameworks */ = {isa = PBXBuildFile; fileRef = 7E9000A10F059CFC008B14D1 /* libboost_thread-xgcc40-mt.dylib */; };
		7E9000A80F059D4B008B14D1 /* libz.dylib in Frameworks */ = {isa = PBXBuildFile; fileRef = 7E9000A70F059D4B008B14D1 /* libz.dylib */; };
		7E90010C0F059EBD008B14D1 /* libboost_regex-xgcc40-mt.dylib in Frameworks */ = {isa = PBXBuildFile; fileRef = 7E90010B0F059EBD008B14D1 /* libboost_regex-xgcc40-mt.dylib */; };
		8D11072B0486CEB800E47090 /* InfoPlist.strings in Resources */ = {isa = PBXBuildFile; fileRef = 089C165CFE840E0CC02AAC07 /* InfoPlist.strings */; };
		8D11072D0486CEB800E47090 /* main.mm in Sources */ = {isa = PBXBuildFile; fileRef = 29B97316FDCFA39411CA2CEA /* main.mm */; settings = {ATTRIBUTES = (); }; };
		8D11072F0486CEB800E47090 /* Cocoa.framework in Frameworks */ = {isa = PBXBuildFile; fileRef = 1058C7A1FEA54F0111CA2CBB /* Cocoa.framework */; };
/* End PBXBuildFile section */

/* Begin PBXContainerItemProxy section */
		7E9000930F059C25008B14D1 /* PBXContainerItemProxy */ = {
			isa = PBXContainerItemProxy;
			containerPortal = 7E90008C0F059C25008B14D1 /* Framework.xcodeproj */;
			proxyType = 2;
			remoteGlobalIDString = D2AAC046055464E500DB518D;
			remoteInfo = Framework;
		};
/* End PBXContainerItemProxy section */

/* Begin PBXFileReference section */
		089C165DFE840E0CC02AAC07 /* English */ = {isa = PBXFileReference; fileEncoding = 10; lastKnownFileType = text.plist.strings; name = English; path = English.lproj/InfoPlist.strings; sourceTree = "<group>"; };
		1058C7A1FEA54F0111CA2CBB /* Cocoa.framework */ = {isa = PBXFileReference; lastKnownFileType = wrapper.framework; name = Cocoa.framework; path = /System/Library/Frameworks/Cocoa.framework; sourceTree = "<absolute>"; };
		13E42FB307B3F0F600E4EEF1 /* CoreData.framework */ = {isa = PBXFileReference; lastKnownFileType = wrapper.framework; name = CoreData.framework; path = /System/Library/Frameworks/CoreData.framework; sourceTree = "<absolute>"; };
		1DDD58150DA1D0A300B32029 /* English */ = {isa = PBXFileReference; lastKnownFileType = file.xib; name = English; path = English.lproj/MainMenu.xib; sourceTree = "<group>"; };
		29B97316FDCFA39411CA2CEA /* main.mm */ = {isa = PBXFileReference; fileEncoding = 4; lastKnownFileType = sourcecode.cpp.objcpp; path = main.mm; sourceTree = "<group>"; };
		29B97325FDCFA39411CA2CEA /* Foundation.framework */ = {isa = PBXFileReference; lastKnownFileType = wrapper.framework; name = Foundation.framework; path = /System/Library/Frameworks/Foundation.framework; sourceTree = "<absolute>"; };
		32CA4F630368D1EE00C91783 /* PsfPlayer_Prefix.pch */ = {isa = PBXFileReference; fileEncoding = 4; lastKnownFileType = sourcecode.c.h; path = PsfPlayer_Prefix.pch; sourceTree = "<group>"; };
		7E2A16AF0F95545A00D3F99D /* PsfBase.cpp */ = {isa = PBXFileReference; fileEncoding = 4; lastKnownFileType = sourcecode.cpp.cpp; name = PsfBase.cpp; path = ../PsfBase.cpp; sourceTree = SOURCE_ROOT; };
		7E2A16B00F95545A00D3F99D /* PsfBase.h */ = {isa = PBXFileReference; fileEncoding = 4; lastKnownFileType = sourcecode.c.h; name = PsfBase.h; path = ../PsfBase.h; sourceTree = SOURCE_ROOT; };
		7E2A16B10F95545A00D3F99D /* PsfBios.cpp */ = {isa = PBXFileReference; fileEncoding = 4; lastKnownFileType = sourcecode.cpp.cpp; name = PsfBios.cpp; path = ../PsfBios.cpp; sourceTree = SOURCE_ROOT; };
		7E2A16B20F95545A00D3F99D /* PsfBios.h */ = {isa = PBXFileReference; fileEncoding = 4; lastKnownFileType = sourcecode.c.h; name = PsfBios.h; path = ../PsfBios.h; sourceTree = SOURCE_ROOT; };
		7E2A16B30F95545A00D3F99D /* PsfDevice.cpp */ = {isa = PBXFileReference; fileEncoding = 4; lastKnownFileType = sourcecode.cpp.cpp; name = PsfDevice.cpp; path = ../PsfDevice.cpp; sourceTree = SOURCE_ROOT; };
		7E2A16B40F95545A00D3F99D /* PsfDevice.h */ = {isa = PBXFileReference; fileEncoding = 4; lastKnownFileType = sourcecode.c.h; name = PsfDevice.h; path = ../PsfDevice.h; sourceTree = SOURCE_ROOT; };
		7E2A16B50F95545A00D3F99D /* PsfLoader.cpp */ = {isa = PBXFileReference; fileEncoding = 4; lastKnownFileType = sourcecode.cpp.cpp; name = PsfLoader.cpp; path = ../PsfLoader.cpp; sourceTree = SOURCE_ROOT; };
		7E2A16B60F95545A00D3F99D /* PsfLoader.h */ = {isa = PBXFileReference; fileEncoding = 4; lastKnownFileType = sourcecode.c.h; name = PsfLoader.h; path = ../PsfLoader.h; sourceTree = SOURCE_ROOT; };
		7E2A16B70F95545A00D3F99D /* PsfVm.cpp */ = {isa = PBXFileReference; fileEncoding = 4; lastKnownFileType = sourcecode.cpp.cpp; name = PsfVm.cpp; path = ../PsfVm.cpp; sourceTree = SOURCE_ROOT; };
		7E2A16B80F95545A00D3F99D /* PsfVm.h */ = {isa = PBXFileReference; fileEncoding = 4; lastKnownFileType = sourcecode.c.h; name = PsfVm.h; path = ../PsfVm.h; sourceTree = SOURCE_ROOT; };
		7E2A16B90F95545A00D3F99D /* PsxBios.cpp */ = {isa = PBXFileReference; fileEncoding = 4; lastKnownFileType = sourcecode.cpp.cpp; name = PsxBios.cpp; path = ../PsxBios.cpp; sourceTree = SOURCE_ROOT; };
		7E2A16BA0F95545A00D3F99D /* PsxBios.h */ = {isa = PBXFileReference; fileEncoding = 4; lastKnownFileType = sourcecode.c.h; name = PsxBios.h; path = ../PsxBios.h; sourceTree = SOURCE_ROOT; };
		7E2A16BB0F95545A00D3F99D /* SH_OpenAL.cpp */ = {isa = PBXFileReference; fileEncoding = 4; lastKnownFileType = sourcecode.cpp.cpp; name = SH_OpenAL.cpp; path = ../SH_OpenAL.cpp; sourceTree = SOURCE_ROOT; };
		7E2A16BC0F95545A00D3F99D /* SH_OpenAL.h */ = {isa = PBXFileReference; fileEncoding = 4; lastKnownFileType = sourcecode.c.h; name = SH_OpenAL.h; path = ../SH_OpenAL.h; sourceTree = SOURCE_ROOT; };
		7E2A16BD0F95545A00D3F99D /* SpuHandler.cpp */ = {isa = PBXFileReference; fileEncoding = 4; lastKnownFileType = sourcecode.cpp.cpp; name = SpuHandler.cpp; path = ../SpuHandler.cpp; sourceTree = SOURCE_ROOT; };
		7E2A16BE0F95545A00D3F99D /* SpuHandler.h */ = {isa = PBXFileReference; fileEncoding = 4; lastKnownFileType = sourcecode.c.h; name = SpuHandler.h; path = ../SpuHandler.h; sourceTree = SOURCE_ROOT; };
		7E2A16C70F95548A00D3F99D /* ArrayStack.h */ = {isa = PBXFileReference; fileEncoding = 4; lastKnownFileType = sourcecode.c.h; name = ArrayStack.h; path = ../../../../Source/ArrayStack.h; sourceTree = SOURCE_ROOT; };
		7E2A16C80F95548A00D3F99D /* BasicBlock.cpp */ = {isa = PBXFileReference; fileEncoding = 4; lastKnownFileType = sourcecode.cpp.cpp; name = BasicBlock.cpp; path = ../../../../Source/BasicBlock.cpp; sourceTree = SOURCE_ROOT; };
		7E2A16C90F95548A00D3F99D /* BasicBlock.h */ = {isa = PBXFileReference; fileEncoding = 4; lastKnownFileType = sourcecode.c.h; name = BasicBlock.h; path = ../../../../Source/BasicBlock.h; sourceTree = SOURCE_ROOT; };
		7E2A16CA0F95548A00D3F99D /* CodeGen.cpp */ = {isa = PBXFileReference; fileEncoding = 4; lastKnownFileType = sourcecode.cpp.cpp; name = CodeGen.cpp; path = ../../../../Source/CodeGen.cpp; sourceTree = SOURCE_ROOT; };
		7E2A16CB0F95548A00D3F99D /* CodeGen.h */ = {isa = PBXFileReference; fileEncoding = 4; lastKnownFileType = sourcecode.c.h; name = CodeGen.h; path = ../../../../Source/CodeGen.h; sourceTree = SOURCE_ROOT; };
		7E2A16CC0F95548A00D3F99D /* CodeGen_FPU.cpp */ = {isa = PBXFileReference; fileEncoding = 4; lastKnownFileType = sourcecode.cpp.cpp; name = CodeGen_FPU.cpp; path = ../../../../Source/CodeGen_FPU.cpp; sourceTree = SOURCE_ROOT; };
		7E2A16CD0F95548A00D3F99D /* CodeGen_MD.cpp */ = {isa = PBXFileReference; fileEncoding = 4; lastKnownFileType = sourcecode.cpp.cpp; name = CodeGen_MD.cpp; path = ../../../../Source/CodeGen_MD.cpp; sourceTree = SOURCE_ROOT; };
		7E2A16CE0F95548A00D3F99D /* CodeGen_StackPatterns.h */ = {isa = PBXFileReference; fileEncoding = 4; lastKnownFileType = sourcecode.c.h; name = CodeGen_StackPatterns.h; path = ../../../../Source/CodeGen_StackPatterns.h; sourceTree = SOURCE_ROOT; };
		7E2A16CF0F95548A00D3F99D /* ELF.cpp */ = {isa = PBXFileReference; fileEncoding = 4; lastKnownFileType = sourcecode.cpp.cpp; name = ELF.cpp; path = ../../../../Source/ELF.cpp; sourceTree = SOURCE_ROOT; };
		7E2A16D00F95548A00D3F99D /* ELF.h */ = {isa = PBXFileReference; fileEncoding = 4; lastKnownFileType = sourcecode.c.h; name = ELF.h; path = ../../../../Source/ELF.h; sourceTree = SOURCE_ROOT; };
		7E2A16D10F95548A00D3F99D /* ElfFile.cpp */ = {isa = PBXFileReference; fileEncoding = 4; lastKnownFileType = sourcecode.cpp.cpp; name = ElfFile.cpp; path = ../../../../Source/ElfFile.cpp; sourceTree = SOURCE_ROOT; };
		7E2A16D20F95548A00D3F99D /* ElfFile.h */ = {isa = PBXFileReference; fileEncoding = 4; lastKnownFileType = sourcecode.c.h; name = ElfFile.h; path = ../../../../Source/ElfFile.h; sourceTree = SOURCE_ROOT; };
		7E2A16D90F9554D300D3F99D /* Log.cpp */ = {isa = PBXFileReference; fileEncoding = 4; lastKnownFileType = sourcecode.cpp.cpp; name = Log.cpp; path = ../../../../Source/Log.cpp; sourceTree = SOURCE_ROOT; };
		7E2A16DA0F9554D300D3F99D /* Log.h */ = {isa = PBXFileReference; fileEncoding = 4; lastKnownFileType = sourcecode.c.h; name = Log.h; path = ../../../../Source/Log.h; sourceTree = SOURCE_ROOT; };
		7E2A16DB0F9554D300D3F99D /* MA_MIPSIV.cpp */ = {isa = PBXFileReference; fileEncoding = 4; lastKnownFileType = sourcecode.cpp.cpp; name = MA_MIPSIV.cpp; path = ../../../../Source/MA_MIPSIV.cpp; sourceTree = SOURCE_ROOT; };
		7E2A16DC0F9554D300D3F99D /* MA_MIPSIV.h */ = {isa = PBXFileReference; fileEncoding = 4; lastKnownFileType = sourcecode.c.h; name = MA_MIPSIV.h; path = ../../../../Source/MA_MIPSIV.h; sourceTree = SOURCE_ROOT; };
		7E2A16DD0F9554D300D3F99D /* MA_MIPSIV_Reflection.cpp */ = {isa = PBXFileReference; fileEncoding = 4; lastKnownFileType = sourcecode.cpp.cpp; name = MA_MIPSIV_Reflection.cpp; path = ../../../../Source/MA_MIPSIV_Reflection.cpp; sourceTree = SOURCE_ROOT; };
		7E2A16DE0F9554D300D3F99D /* MA_MIPSIV_Templates.cpp */ = {isa = PBXFileReference; fileEncoding = 4; lastKnownFileType = sourcecode.cpp.cpp; name = MA_MIPSIV_Templates.cpp; path = ../../../../Source/MA_MIPSIV_Templates.cpp; sourceTree = SOURCE_ROOT; };
		7E2A16DF0F9554D300D3F99D /* MailBox.cpp */ = {isa = PBXFileReference; fileEncoding = 4; lastKnownFileType = sourcecode.cpp.cpp; name = MailBox.cpp; path = ../../../../Source/MailBox.cpp; sourceTree = SOURCE_ROOT; };
		7E2A16E00F9554D300D3F99D /* MailBox.h */ = {isa = PBXFileReference; fileEncoding = 4; lastKnownFileType = sourcecode.c.h; name = MailBox.h; path = ../../../../Source/MailBox.h; sourceTree = SOURCE_ROOT; };
		7E2A16E10F9554D300D3F99D /* MemoryMap.cpp */ = {isa = PBXFileReference; fileEncoding = 4; lastKnownFileType = sourcecode.cpp.cpp; name = MemoryMap.cpp; path = ../../../../Source/MemoryMap.cpp; sourceTree = SOURCE_ROOT; };
		7E2A16E20F9554D300D3F99D /* MemoryMap.h */ = {isa = PBXFileReference; fileEncoding = 4; lastKnownFileType = sourcecode.c.h; name = MemoryMap.h; path = ../../../../Source/MemoryMap.h; sourceTree = SOURCE_ROOT; };
		7E2A16E30F9554D300D3F99D /* MemoryStateFile.cpp */ = {isa = PBXFileReference; fileEncoding = 4; lastKnownFileType = sourcecode.cpp.cpp; name = MemoryStateFile.cpp; path = ../../../../Source/MemoryStateFile.cpp; sourceTree = SOURCE_ROOT; };
		7E2A16E40F9554D300D3F99D /* MemoryStateFile.h */ = {isa = PBXFileReference; fileEncoding = 4; lastKnownFileType = sourcecode.c.h; name = MemoryStateFile.h; path = ../../../../Source/MemoryStateFile.h; sourceTree = SOURCE_ROOT; };
		7E2A16E50F9554D300D3F99D /* MemoryUtils.cpp */ = {isa = PBXFileReference; fileEncoding = 4; lastKnownFileType = sourcecode.cpp.cpp; name = MemoryUtils.cpp; path = ../../../../Source/MemoryUtils.cpp; sourceTree = SOURCE_ROOT; };
		7E2A16E60F9554D300D3F99D /* MemoryUtils.h */ = {isa = PBXFileReference; fileEncoding = 4; lastKnownFileType = sourcecode.c.h; name = MemoryUtils.h; path = ../../../../Source/MemoryUtils.h; sourceTree = SOURCE_ROOT; };
		7E2A16E70F9554D300D3F99D /* MIPS.cpp */ = {isa = PBXFileReference; fileEncoding = 4; lastKnownFileType = sourcecode.cpp.cpp; name = MIPS.cpp; path = ../../../../Source/MIPS.cpp; sourceTree = SOURCE_ROOT; };
		7E2A16E80F9554D300D3F99D /* MIPS.h */ = {isa = PBXFileReference; fileEncoding = 4; lastKnownFileType = sourcecode.c.h; name = MIPS.h; path = ../../../../Source/MIPS.h; sourceTree = SOURCE_ROOT; };
		7E2A16E90F9554D300D3F99D /* MIPSAnalysis.cpp */ = {isa = PBXFileReference; fileEncoding = 4; lastKnownFileType = sourcecode.cpp.cpp; name = MIPSAnalysis.cpp; path = ../../../../Source/MIPSAnalysis.cpp; sourceTree = SOURCE_ROOT; };
		7E2A16EA0F9554D300D3F99D /* MIPSAnalysis.h */ = {isa = PBXFileReference; fileEncoding = 4; lastKnownFileType = sourcecode.c.h; name = MIPSAnalysis.h; path = ../../../../Source/MIPSAnalysis.h; sourceTree = SOURCE_ROOT; };
		7E2A16EB0F9554D300D3F99D /* MIPSArchitecture.cpp */ = {isa = PBXFileReference; fileEncoding = 4; lastKnownFileType = sourcecode.cpp.cpp; name = MIPSArchitecture.cpp; path = ../../../../Source/MIPSArchitecture.cpp; sourceTree = SOURCE_ROOT; };
		7E2A16EC0F9554D300D3F99D /* MIPSArchitecture.h */ = {isa = PBXFileReference; fileEncoding = 4; lastKnownFileType = sourcecode.c.h; name = MIPSArchitecture.h; path = ../../../../Source/MIPSArchitecture.h; sourceTree = SOURCE_ROOT; };
		7E2A16ED0F9554D300D3F99D /* MIPSAssembler.cpp */ = {isa = PBXFileReference; fileEncoding = 4; lastKnownFileType = sourcecode.cpp.cpp; name = MIPSAssembler.cpp; path = ../../../../Source/MIPSAssembler.cpp; sourceTree = SOURCE_ROOT; };
		7E2A16EE0F9554D300D3F99D /* MIPSAssembler.h */ = {isa = PBXFileReference; fileEncoding = 4; lastKnownFileType = sourcecode.c.h; name = MIPSAssembler.h; path = ../../../../Source/MIPSAssembler.h; sourceTree = SOURCE_ROOT; };
		7E2A16EF0F9554D300D3F99D /* MipsAssemblerDefinitions.cpp */ = {isa = PBXFileReference; fileEncoding = 4; lastKnownFileType = sourcecode.cpp.cpp; name = MipsAssemblerDefinitions.cpp; path = ../../../../Source/MipsAssemblerDefinitions.cpp; sourceTree = SOURCE_ROOT; };
		7E2A16F00F9554D300D3F99D /* MipsAssemblerDefinitions.h */ = {isa = PBXFileReference; fileEncoding = 4; lastKnownFileType = sourcecode.c.h; name = MipsAssemblerDefinitions.h; path = ../../../../Source/MipsAssemblerDefinitions.h; sourceTree = SOURCE_ROOT; };
		7E2A16F10F9554D300D3F99D /* MipsCodeGen.cpp */ = {isa = PBXFileReference; fileEncoding = 4; lastKnownFileType = sourcecode.cpp.cpp; name = MipsCodeGen.cpp; path = ../../../../Source/MipsCodeGen.cpp; sourceTree = SOURCE_ROOT; };
		7E2A16F20F9554D300D3F99D /* MipsCodeGen.h */ = {isa = PBXFileReference; fileEncoding = 4; lastKnownFileType = sourcecode.c.h; name = MipsCodeGen.h; path = ../../../../Source/MipsCodeGen.h; sourceTree = SOURCE_ROOT; };
		7E2A16F30F9554D300D3F99D /* MIPSCoprocessor.cpp */ = {isa = PBXFileReference; fileEncoding = 4; lastKnownFileType = sourcecode.cpp.cpp; name = MIPSCoprocessor.cpp; path = ../../../../Source/MIPSCoprocessor.cpp; sourceTree = SOURCE_ROOT; };
		7E2A16F40F9554D300D3F99D /* MIPSCoprocessor.h */ = {isa = PBXFileReference; fileEncoding = 4; lastKnownFileType = sourcecode.c.h; name = MIPSCoprocessor.h; path = ../../../../Source/MIPSCoprocessor.h; sourceTree = SOURCE_ROOT; };
		7E2A16F50F9554D300D3F99D /* MipsExecutor.cpp */ = {isa = PBXFileReference; fileEncoding = 4; lastKnownFileType = sourcecode.cpp.cpp; name = MipsExecutor.cpp; path = ../../../../Source/MipsExecutor.cpp; sourceTree = SOURCE_ROOT; };
		7E2A16F60F9554D300D3F99D /* MipsExecutor.h */ = {isa = PBXFileReference; fileEncoding = 4; lastKnownFileType = sourcecode.c.h; name = MipsExecutor.h; path = ../../../../Source/MipsExecutor.h; sourceTree = SOURCE_ROOT; };
		7E2A16F70F9554D300D3F99D /* MIPSInstructionFactory.cpp */ = {isa = PBXFileReference; fileEncoding = 4; lastKnownFileType = sourcecode.cpp.cpp; name = MIPSInstructionFactory.cpp; path = ../../../../Source/MIPSInstructionFactory.cpp; sourceTree = SOURCE_ROOT; };
		7E2A16F80F9554D300D3F99D /* MIPSInstructionFactory.h */ = {isa = PBXFileReference; fileEncoding = 4; lastKnownFileType = sourcecode.c.h; name = MIPSInstructionFactory.h; path = ../../../../Source/MIPSInstructionFactory.h; sourceTree = SOURCE_ROOT; };
		7E2A16F90F9554D300D3F99D /* MIPSModule.h */ = {isa = PBXFileReference; fileEncoding = 4; lastKnownFileType = sourcecode.c.h; name = MIPSModule.h; path = ../../../../Source/MIPSModule.h; sourceTree = SOURCE_ROOT; };
		7E2A16FA0F9554D300D3F99D /* MIPSReflection.cpp */ = {isa = PBXFileReference; fileEncoding = 4; lastKnownFileType = sourcecode.cpp.cpp; name = MIPSReflection.cpp; path = ../../../../Source/MIPSReflection.cpp; sourceTree = SOURCE_ROOT; };
		7E2A16FB0F9554D300D3F99D /* MIPSReflection.h */ = {isa = PBXFileReference; fileEncoding = 4; lastKnownFileType = sourcecode.c.h; name = MIPSReflection.h; path = ../../../../Source/MIPSReflection.h; sourceTree = SOURCE_ROOT; };
		7E2A16FC0F9554D300D3F99D /* MIPSTags.cpp */ = {isa = PBXFileReference; fileEncoding = 4; lastKnownFileType = sourcecode.cpp.cpp; name = MIPSTags.cpp; path = ../../../../Source/MIPSTags.cpp; sourceTree = SOURCE_ROOT; };
		7E2A16FD0F9554D300D3F99D /* MIPSTags.h */ = {isa = PBXFileReference; fileEncoding = 4; lastKnownFileType = sourcecode.c.h; name = MIPSTags.h; path = ../../../../Source/MIPSTags.h; sourceTree = SOURCE_ROOT; };
		7E2A16FE0F9554D300D3F99D /* offsetof_def.h */ = {isa = PBXFileReference; fileEncoding = 4; lastKnownFileType = sourcecode.c.h; name = offsetof_def.h; path = ../../../../Source/offsetof_def.h; sourceTree = SOURCE_ROOT; };
		7E2A16FF0F9554D300D3F99D /* OsStructManager.h */ = {isa = PBXFileReference; fileEncoding = 4; lastKnownFileType = sourcecode.c.h; name = OsStructManager.h; path = ../../../../Source/OsStructManager.h; sourceTree = SOURCE_ROOT; };
		7E2A17000F9554D300D3F99D /* Ps2Const.h */ = {isa = PBXFileReference; fileEncoding = 4; lastKnownFileType = sourcecode.c.h; name = Ps2Const.h; path = ../../../../Source/Ps2Const.h; sourceTree = SOURCE_ROOT; };
		7E2A17140F9554F400D3F99D /* X86Assembler.cpp */ = {isa = PBXFileReference; fileEncoding = 4; lastKnownFileType = sourcecode.cpp.cpp; name = X86Assembler.cpp; path = ../../../../Source/X86Assembler.cpp; sourceTree = SOURCE_ROOT; };
		7E2A17150F9554F400D3F99D /* X86Assembler.h */ = {isa = PBXFileReference; fileEncoding = 4; lastKnownFileType = sourcecode.c.h; name = X86Assembler.h; path = ../../../../Source/X86Assembler.h; sourceTree = SOURCE_ROOT; };
		7E2A17160F9554F400D3F99D /* X86Assembler_Fpu.cpp */ = {isa = PBXFileReference; fileEncoding = 4; lastKnownFileType = sourcecode.cpp.cpp; name = X86Assembler_Fpu.cpp; path = ../../../../Source/X86Assembler_Fpu.cpp; sourceTree = SOURCE_ROOT; };
		7E2A17170F9554F400D3F99D /* X86Assembler_Sse.cpp */ = {isa = PBXFileReference; fileEncoding = 4; lastKnownFileType = sourcecode.cpp.cpp; name = X86Assembler_Sse.cpp; path = ../../../../Source/X86Assembler_Sse.cpp; sourceTree = SOURCE_ROOT; };
		7E2A171D0F95552500D3F99D /* Ioman_Device.h */ = {isa = PBXFileReference; fileEncoding = 4; lastKnownFileType = sourcecode.c.h; name = Ioman_Device.h; path = ../../../../Source/iop/Ioman_Device.h; sourceTree = SOURCE_ROOT; };
		7E2A171E0F95552500D3F99D /* Iop_BiosBase.h */ = {isa = PBXFileReference; fileEncoding = 4; lastKnownFileType = sourcecode.c.h; name = Iop_BiosBase.h; path = ../../../../Source/iop/Iop_BiosBase.h; sourceTree = SOURCE_ROOT; };
		7E2A171F0F95552500D3F99D /* Iop_Dmac.cpp */ = {isa = PBXFileReference; fileEncoding = 4; lastKnownFileType = sourcecode.cpp.cpp; name = Iop_Dmac.cpp; path = ../../../../Source/iop/Iop_Dmac.cpp; sourceTree = SOURCE_ROOT; };
		7E2A17200F95552500D3F99D /* Iop_Dmac.h */ = {isa = PBXFileReference; fileEncoding = 4; lastKnownFileType = sourcecode.c.h; name = Iop_Dmac.h; path = ../../../../Source/iop/Iop_Dmac.h; sourceTree = SOURCE_ROOT; };
		7E2A17210F95552500D3F99D /* Iop_DmacChannel.cpp */ = {isa = PBXFileReference; fileEncoding = 4; lastKnownFileType = sourcecode.cpp.cpp; name = Iop_DmacChannel.cpp; path = ../../../../Source/iop/Iop_DmacChannel.cpp; sourceTree = SOURCE_ROOT; };
		7E2A17220F95552500D3F99D /* Iop_DmacChannel.h */ = {isa = PBXFileReference; fileEncoding = 4; lastKnownFileType = sourcecode.c.h; name = Iop_DmacChannel.h; path = ../../../../Source/iop/Iop_DmacChannel.h; sourceTree = SOURCE_ROOT; };
		7E2A17230F95552500D3F99D /* Iop_Dynamic.cpp */ = {isa = PBXFileReference; fileEncoding = 4; lastKnownFileType = sourcecode.cpp.cpp; name = Iop_Dynamic.cpp; path = ../../../../Source/iop/Iop_Dynamic.cpp; sourceTree = SOURCE_ROOT; };
		7E2A17240F95552500D3F99D /* Iop_Dynamic.h */ = {isa = PBXFileReference; fileEncoding = 4; lastKnownFileType = sourcecode.c.h; name = Iop_Dynamic.h; path = ../../../../Source/iop/Iop_Dynamic.h; sourceTree = SOURCE_ROOT; };
		7E2A17250F95552500D3F99D /* Iop_Intc.cpp */ = {isa = PBXFileReference; fileEncoding = 4; lastKnownFileType = sourcecode.cpp.cpp; name = Iop_Intc.cpp; path = ../../../../Source/iop/Iop_Intc.cpp; sourceTree = SOURCE_ROOT; };
		7E2A17260F95552500D3F99D /* Iop_Intc.h */ = {isa = PBXFileReference; fileEncoding = 4; lastKnownFileType = sourcecode.c.h; name = Iop_Intc.h; path = ../../../../Source/iop/Iop_Intc.h; sourceTree = SOURCE_ROOT; };
		7E2A17270F95552500D3F99D /* Iop_Intrman.cpp */ = {isa = PBXFileReference; fileEncoding = 4; lastKnownFileType = sourcecode.cpp.cpp; name = Iop_Intrman.cpp; path = ../../../../Source/iop/Iop_Intrman.cpp; sourceTree = SOURCE_ROOT; };
		7E2A17280F95552500D3F99D /* Iop_Intrman.h */ = {isa = PBXFileReference; fileEncoding = 4; lastKnownFileType = sourcecode.c.h; name = Iop_Intrman.h; path = ../../../../Source/iop/Iop_Intrman.h; sourceTree = SOURCE_ROOT; };
		7E2A17290F95552500D3F99D /* Iop_Ioman.cpp */ = {isa = PBXFileReference; fileEncoding = 4; lastKnownFileType = sourcecode.cpp.cpp; name = Iop_Ioman.cpp; path = ../../../../Source/iop/Iop_Ioman.cpp; sourceTree = SOURCE_ROOT; };
		7E2A172A0F95552500D3F99D /* Iop_Ioman.h */ = {isa = PBXFileReference; fileEncoding = 4; lastKnownFileType = sourcecode.c.h; name = Iop_Ioman.h; path = ../../../../Source/iop/Iop_Ioman.h; sourceTree = SOURCE_ROOT; };
		7E2A172B0F95552500D3F99D /* Iop_Loadcore.cpp */ = {isa = PBXFileReference; fileEncoding = 4; lastKnownFileType = sourcecode.cpp.cpp; name = Iop_Loadcore.cpp; path = ../../../../Source/iop/Iop_Loadcore.cpp; sourceTree = SOURCE_ROOT; };
		7E2A172C0F95552500D3F99D /* Iop_Loadcore.h */ = {isa = PBXFileReference; fileEncoding = 4; lastKnownFileType = sourcecode.c.h; name = Iop_Loadcore.h; path = ../../../../Source/iop/Iop_Loadcore.h; sourceTree = SOURCE_ROOT; };
		7E2A172D0F95552500D3F99D /* Iop_Modload.cpp */ = {isa = PBXFileReference; fileEncoding = 4; lastKnownFileType = sourcecode.cpp.cpp; name = Iop_Modload.cpp; path = ../../../../Source/iop/Iop_Modload.cpp; sourceTree = SOURCE_ROOT; };
		7E2A172E0F95552500D3F99D /* Iop_Modload.h */ = {isa = PBXFileReference; fileEncoding = 4; lastKnownFileType = sourcecode.c.h; name = Iop_Modload.h; path = ../../../../Source/iop/Iop_Modload.h; sourceTree = SOURCE_ROOT; };
		7E2A172F0F95552500D3F99D /* Iop_Module.h */ = {isa = PBXFileReference; fileEncoding = 4; lastKnownFileType = sourcecode.c.h; name = Iop_Module.h; path = ../../../../Source/iop/Iop_Module.h; sourceTree = SOURCE_ROOT; };
		7E2A17300F95552500D3F99D /* Iop_RootCounters.cpp */ = {isa = PBXFileReference; fileEncoding = 4; lastKnownFileType = sourcecode.cpp.cpp; name = Iop_RootCounters.cpp; path = ../../../../Source/iop/Iop_RootCounters.cpp; sourceTree = SOURCE_ROOT; };
		7E2A17310F95552500D3F99D /* Iop_RootCounters.h */ = {isa = PBXFileReference; fileEncoding = 4; lastKnownFileType = sourcecode.c.h; name = Iop_RootCounters.h; path = ../../../../Source/iop/Iop_RootCounters.h; sourceTree = SOURCE_ROOT; };
		7E2A17320F95552500D3F99D /* Iop_SifDynamic.cpp */ = {isa = PBXFileReference; fileEncoding = 4; lastKnownFileType = sourcecode.cpp.cpp; name = Iop_SifDynamic.cpp; path = ../../../../Source/iop/Iop_SifDynamic.cpp; sourceTree = SOURCE_ROOT; };
		7E2A17330F95552500D3F99D /* Iop_SifDynamic.h */ = {isa = PBXFileReference; fileEncoding = 4; lastKnownFileType = sourcecode.c.h; name = Iop_SifDynamic.h; path = ../../../../Source/iop/Iop_SifDynamic.h; sourceTree = SOURCE_ROOT; };
		7E2A17340F95552500D3F99D /* Iop_SifMan.cpp */ = {isa = PBXFileReference; fileEncoding = 4; lastKnownFileType = sourcecode.cpp.cpp; name = Iop_SifMan.cpp; path = ../../../../Source/iop/Iop_SifMan.cpp; sourceTree = SOURCE_ROOT; };
		7E2A17350F95552500D3F99D /* Iop_Sifman.h */ = {isa = PBXFileReference; fileEncoding = 4; lastKnownFileType = sourcecode.c.h; name = Iop_Sifman.h; path = ../../../../Source/iop/Iop_Sifman.h; sourceTree = SOURCE_ROOT; };
		7E2A17360F95552500D3F99D /* Iop_SifManNull.cpp */ = {isa = PBXFileReference; fileEncoding = 4; lastKnownFileType = sourcecode.cpp.cpp; name = Iop_SifManNull.cpp; path = ../../../../Source/iop/Iop_SifManNull.cpp; sourceTree = SOURCE_ROOT; };
		7E2A17370F95552500D3F99D /* Iop_SifManNull.h */ = {isa = PBXFileReference; fileEncoding = 4; lastKnownFileType = sourcecode.c.h; name = Iop_SifManNull.h; path = ../../../../Source/iop/Iop_SifManNull.h; sourceTree = SOURCE_ROOT; };
		7E2A17440F95554C00D3F99D /* Iop_Spu.cpp */ = {isa = PBXFileReference; fileEncoding = 4; lastKnownFileType = sourcecode.cpp.cpp; name = Iop_Spu.cpp; path = ../../../../Source/iop/Iop_Spu.cpp; sourceTree = SOURCE_ROOT; };
		7E2A17450F95554C00D3F99D /* Iop_Spu.h */ = {isa = PBXFileReference; fileEncoding = 4; lastKnownFileType = sourcecode.c.h; name = Iop_Spu.h; path = ../../../../Source/iop/Iop_Spu.h; sourceTree = SOURCE_ROOT; };
		7E2A17460F95554C00D3F99D /* Iop_Spu2.cpp */ = {isa = PBXFileReference; fileEncoding = 4; lastKnownFileType = sourcecode.cpp.cpp; name = Iop_Spu2.cpp; path = ../../../../Source/iop/Iop_Spu2.cpp; sourceTree = SOURCE_ROOT; };
		7E2A17470F95554C00D3F99D /* Iop_Spu2.h */ = {isa = PBXFileReference; fileEncoding = 4; lastKnownFileType = sourcecode.c.h; name = Iop_Spu2.h; path = ../../../../Source/iop/Iop_Spu2.h; sourceTree = SOURCE_ROOT; };
		7E2A17480F95554C00D3F99D /* Iop_Spu2_Core.cpp */ = {isa = PBXFileReference; fileEncoding = 4; lastKnownFileType = sourcecode.cpp.cpp; name = Iop_Spu2_Core.cpp; path = ../../../../Source/iop/Iop_Spu2_Core.cpp; sourceTree = SOURCE_ROOT; };
		7E2A17490F95554C00D3F99D /* Iop_Spu2_Core.h */ = {isa = PBXFileReference; fileEncoding = 4; lastKnownFileType = sourcecode.c.h; name = Iop_Spu2_Core.h; path = ../../../../Source/iop/Iop_Spu2_Core.h; sourceTree = SOURCE_ROOT; };
		7E2A174A0F95554C00D3F99D /* Iop_SpuBase.cpp */ = {isa = PBXFileReference; fileEncoding = 4; lastKnownFileType = sourcecode.cpp.cpp; name = Iop_SpuBase.cpp; path = ../../../../Source/iop/Iop_SpuBase.cpp; sourceTree = SOURCE_ROOT; };
		7E2A174B0F95554C00D3F99D /* Iop_SpuBase.h */ = {isa = PBXFileReference; fileEncoding = 4; lastKnownFileType = sourcecode.c.h; name = Iop_SpuBase.h; path = ../../../../Source/iop/Iop_SpuBase.h; sourceTree = SOURCE_ROOT; };
		7E2A174C0F95554C00D3F99D /* Iop_Stdio.cpp */ = {isa = PBXFileReference; fileEncoding = 4; lastKnownFileType = sourcecode.cpp.cpp; name = Iop_Stdio.cpp; path = ../../../../Source/iop/Iop_Stdio.cpp; sourceTree = SOURCE_ROOT; };
		7E2A174D0F95554C00D3F99D /* Iop_Stdio.h */ = {isa = PBXFileReference; fileEncoding = 4; lastKnownFileType = sourcecode.c.h; name = Iop_Stdio.h; path = ../../../../Source/iop/Iop_Stdio.h; sourceTree = SOURCE_ROOT; };
		7E2A174E0F95554C00D3F99D /* Iop_SubSystem.cpp */ = {isa = PBXFileReference; fileEncoding = 4; lastKnownFileType = sourcecode.cpp.cpp; name = Iop_SubSystem.cpp; path = ../../../../Source/iop/Iop_SubSystem.cpp; sourceTree = SOURCE_ROOT; };
		7E2A174F0F95554C00D3F99D /* Iop_SubSystem.h */ = {isa = PBXFileReference; fileEncoding = 4; lastKnownFileType = sourcecode.c.h; name = Iop_SubSystem.h; path = ../../../../Source/iop/Iop_SubSystem.h; sourceTree = SOURCE_ROOT; };
		7E2A17500F95554C00D3F99D /* Iop_Sysclib.cpp */ = {isa = PBXFileReference; fileEncoding = 4; lastKnownFileType = sourcecode.cpp.cpp; name = Iop_Sysclib.cpp; path = ../../../../Source/iop/Iop_Sysclib.cpp; sourceTree = SOURCE_ROOT; };
		7E2A17510F95554C00D3F99D /* Iop_Sysclib.h */ = {isa = PBXFileReference; fileEncoding = 4; lastKnownFileType = sourcecode.c.h; name = Iop_Sysclib.h; path = ../../../../Source/iop/Iop_Sysclib.h; sourceTree = SOURCE_ROOT; };
		7E2A17520F95554C00D3F99D /* Iop_Sysmem.cpp */ = {isa = PBXFileReference; fileEncoding = 4; lastKnownFileType = sourcecode.cpp.cpp; name = Iop_Sysmem.cpp; path = ../../../../Source/iop/Iop_Sysmem.cpp; sourceTree = SOURCE_ROOT; };
		7E2A17530F95554C00D3F99D /* Iop_Sysmem.h */ = {isa = PBXFileReference; fileEncoding = 4; lastKnownFileType = sourcecode.c.h; name = Iop_Sysmem.h; path = ../../../../Source/iop/Iop_Sysmem.h; sourceTree = SOURCE_ROOT; };
		7E2A17540F95554C00D3F99D /* Iop_Thbase.cpp */ = {isa = PBXFileReference; fileEncoding = 4; lastKnownFileType = sourcecode.cpp.cpp; name = Iop_Thbase.cpp; path = ../../../../Source/iop/Iop_Thbase.cpp; sourceTree = SOURCE_ROOT; };
		7E2A17550F95554C00D3F99D /* Iop_Thbase.h */ = {isa = PBXFileReference; fileEncoding = 4; lastKnownFileType = sourcecode.c.h; name = Iop_Thbase.h; path = ../../../../Source/iop/Iop_Thbase.h; sourceTree = SOURCE_ROOT; };
		7E2A17560F95554C00D3F99D /* Iop_Thevent.cpp */ = {isa = PBXFileReference; fileEncoding = 4; lastKnownFileType = sourcecode.cpp.cpp; name = Iop_Thevent.cpp; path = ../../../../Source/iop/Iop_Thevent.cpp; sourceTree = SOURCE_ROOT; };
		7E2A17570F95554C00D3F99D /* Iop_Thevent.h */ = {isa = PBXFileReference; fileEncoding = 4; lastKnownFileType = sourcecode.c.h; name = Iop_Thevent.h; path = ../../../../Source/iop/Iop_Thevent.h; sourceTree = SOURCE_ROOT; };
		7E2A17580F95554C00D3F99D /* Iop_Thsema.cpp */ = {isa = PBXFileReference; fileEncoding = 4; lastKnownFileType = sourcecode.cpp.cpp; name = Iop_Thsema.cpp; path = ../../../../Source/iop/Iop_Thsema.cpp; sourceTree = SOURCE_ROOT; };
		7E2A17590F95554C00D3F99D /* Iop_Thsema.h */ = {isa = PBXFileReference; fileEncoding = 4; lastKnownFileType = sourcecode.c.h; name = Iop_Thsema.h; path = ../../../../Source/iop/Iop_Thsema.h; sourceTree = SOURCE_ROOT; };
		7E2A175A0F95554C00D3F99D /* Iop_Timrman.cpp */ = {isa = PBXFileReference; fileEncoding = 4; lastKnownFileType = sourcecode.cpp.cpp; name = Iop_Timrman.cpp; path = ../../../../Source/iop/Iop_Timrman.cpp; sourceTree = SOURCE_ROOT; };
		7E2A175B0F95554C00D3F99D /* Iop_Timrman.h */ = {isa = PBXFileReference; fileEncoding = 4; lastKnownFileType = sourcecode.c.h; name = Iop_Timrman.h; path = ../../../../Source/iop/Iop_Timrman.h; sourceTree = SOURCE_ROOT; };
		7E2A175C0F95554C00D3F99D /* IopBios.cpp */ = {isa = PBXFileReference; fileEncoding = 4; lastKnownFileType = sourcecode.cpp.cpp; name = IopBios.cpp; path = ../../../../Source/iop/IopBios.cpp; sourceTree = SOURCE_ROOT; };
		7E2A175D0F95554C00D3F99D /* IopBios.h */ = {isa = PBXFileReference; fileEncoding = 4; lastKnownFileType = sourcecode.c.h; name = IopBios.h; path = ../../../../Source/iop/IopBios.h; sourceTree = SOURCE_ROOT; };
		7E6281D70F05CF94003F9463 /* ApplicationDelegate.h */ = {isa = PBXFileReference; fileEncoding = 4; lastKnownFileType = sourcecode.c.h; path = ApplicationDelegate.h; sourceTree = "<group>"; };
		7E6281D80F05CF94003F9463 /* ApplicationDelegate.mm */ = {isa = PBXFileReference; fileEncoding = 4; lastKnownFileType = sourcecode.cpp.objcpp; path = ApplicationDelegate.mm; sourceTree = "<group>"; };
		7E6283300F06CDB8003F9463 /* Playlist.h */ = {isa = PBXFileReference; fileEncoding = 4; lastKnownFileType = sourcecode.c.h; path = Playlist.h; sourceTree = "<group>"; };
		7E6283310F06CDB8003F9463 /* Playlist.mm */ = {isa = PBXFileReference; fileEncoding = 4; lastKnownFileType = sourcecode.cpp.objcpp; path = Playlist.mm; sourceTree = "<group>"; };
		7E6283360F06D082003F9463 /* PlaylistItem.h */ = {isa = PBXFileReference; fileEncoding = 4; lastKnownFileType = sourcecode.c.h; path = PlaylistItem.h; sourceTree = "<group>"; };
		7E6283370F06D082003F9463 /* PlaylistItem.mm */ = {isa = PBXFileReference; fileEncoding = 4; lastKnownFileType = sourcecode.cpp.objcpp; path = PlaylistItem.mm; sourceTree = "<group>"; };
		7E9000780F059BB4008B14D1 /* OpenAL.framework */ = {isa = PBXFileReference; lastKnownFileType = wrapper.framework; name = OpenAL.framework; path = /System/Library/Frameworks/OpenAL.framework; sourceTree = "<absolute>"; };
		7E90008C0F059C25008B14D1 /* Framework.xcodeproj */ = {isa = PBXFileReference; lastKnownFileType = "wrapper.pb-project"; name = Framework.xcodeproj; path = ../../../../Framework/Framework.xcodeproj; sourceTree = SOURCE_ROOT; };
		7E90009E0F059CFC008B14D1 /* libboost_filesystem-xgcc40-mt.dylib */ = {isa = PBXFileReference; lastKnownFileType = "compiled.mach-o.dylib"; name = "libboost_filesystem-xgcc40-mt.dylib"; path = "/usr/local/lib/libboost_filesystem-xgcc40-mt.dylib"; sourceTree = "<absolute>"; };
		7E90009F0F059CFC008B14D1 /* libboost_signals-xgcc40-mt.dylib */ = {isa = PBXFileReference; lastKnownFileType = "compiled.mach-o.dylib"; name = "libboost_signals-xgcc40-mt.dylib"; path = "/usr/local/lib/libboost_signals-xgcc40-mt.dylib"; sourceTree = "<absolute>"; };
		7E9000A00F059CFC008B14D1 /* libboost_system-xgcc40-mt.dylib */ = {isa = PBXFileReference; lastKnownFileType = "compiled.mach-o.dylib"; name = "libboost_system-xgcc40-mt.dylib"; path = "/usr/local/lib/libboost_system-xgcc40-mt.dylib"; sourceTree = "<absolute>"; };
		7E9000A10F059CFC008B14D1 /* libboost_thread-xgcc40-mt.dylib */ = {isa = PBXFileReference; lastKnownFileType = "compiled.mach-o.dylib"; name = "libboost_thread-xgcc40-mt.dylib"; path = "/usr/local/lib/libboost_thread-xgcc40-mt.dylib"; sourceTree = "<absolute>"; };
		7E9000A70F059D4B008B14D1 /* libz.dylib */ = {isa = PBXFileReference; lastKnownFileType = "compiled.mach-o.dylib"; name = libz.dylib; path = /usr/lib/libz.dylib; sourceTree = "<absolute>"; };
		7E90010B0F059EBD008B14D1 /* libboost_regex-xgcc40-mt.dylib */ = {isa = PBXFileReference; lastKnownFileType = "compiled.mach-o.dylib"; name = "libboost_regex-xgcc40-mt.dylib"; path = "/usr/local/lib/libboost_regex-xgcc40-mt.dylib"; sourceTree = "<absolute>"; };
		8D1107310486CEB800E47090 /* Info.plist */ = {isa = PBXFileReference; fileEncoding = 4; lastKnownFileType = text.plist.xml; path = Info.plist; sourceTree = "<group>"; };
		8D1107320486CEB800E47090 /* PsfPlayer.app */ = {isa = PBXFileReference; explicitFileType = wrapper.application; includeInIndex = 0; path = PsfPlayer.app; sourceTree = BUILT_PRODUCTS_DIR; };
/* End PBXFileReference section */

/* Begin PBXFrameworksBuildPhase section */
		8D11072E0486CEB800E47090 /* Frameworks */ = {
			isa = PBXFrameworksBuildPhase;
			buildActionMask = 2147483647;
			files = (
				7E9000960F059C67008B14D1 /* libFramework.a in Frameworks */,
				8D11072F0486CEB800E47090 /* Cocoa.framework in Frameworks */,
				7E9000790F059BB4008B14D1 /* OpenAL.framework in Frameworks */,
				7E9000A20F059CFC008B14D1 /* libboost_filesystem-xgcc40-mt.dylib in Frameworks */,
				7E9000A30F059CFC008B14D1 /* libboost_signals-xgcc40-mt.dylib in Frameworks */,
				7E9000A40F059CFC008B14D1 /* libboost_system-xgcc40-mt.dylib in Frameworks */,
				7E9000A50F059CFC008B14D1 /* libboost_thread-xgcc40-mt.dylib in Frameworks */,
				7E9000A80F059D4B008B14D1 /* libz.dylib in Frameworks */,
				7E90010C0F059EBD008B14D1 /* libboost_regex-xgcc40-mt.dylib in Frameworks */,
			);
			runOnlyForDeploymentPostprocessing = 0;
		};
/* End PBXFrameworksBuildPhase section */

/* Begin PBXGroup section */
		080E96DDFE201D6D7F000001 /* Classes */ = {
			isa = PBXGroup;
			children = (
				7E6281D70F05CF94003F9463 /* ApplicationDelegate.h */,
				7E6281D80F05CF94003F9463 /* ApplicationDelegate.mm */,
				7E6283300F06CDB8003F9463 /* Playlist.h */,
				7E6283310F06CDB8003F9463 /* Playlist.mm */,
				7E6283360F06D082003F9463 /* PlaylistItem.h */,
				7E6283370F06D082003F9463 /* PlaylistItem.mm */,
			);
			name = Classes;
			sourceTree = "<group>";
		};
		1058C7A0FEA54F0111CA2CBB /* Linked Frameworks */ = {
			isa = PBXGroup;
			children = (
				1058C7A1FEA54F0111CA2CBB /* Cocoa.framework */,
			);
			name = "Linked Frameworks";
			sourceTree = "<group>";
		};
		1058C7A2FEA54F0111CA2CBB /* Other Frameworks */ = {
			isa = PBXGroup;
			children = (
				7E9000780F059BB4008B14D1 /* OpenAL.framework */,
				13E42FB307B3F0F600E4EEF1 /* CoreData.framework */,
				29B97325FDCFA39411CA2CEA /* Foundation.framework */,
			);
			name = "Other Frameworks";
			sourceTree = "<group>";
		};
		19C28FACFE9D520D11CA2CBB /* Products */ = {
			isa = PBXGroup;
			children = (
				8D1107320486CEB800E47090 /* PsfPlayer.app */,
			);
			name = Products;
			sourceTree = "<group>";
		};
		29B97314FDCFA39411CA2CEA /* PsfPlayer */ = {
			isa = PBXGroup;
			children = (
				7E9000200F059A06008B14D1 /* PsfPlayer Core */,
				7E90001E0F0599E3008B14D1 /* Purei Core */,
				080E96DDFE201D6D7F000001 /* Classes */,
				29B97315FDCFA39411CA2CEA /* Other Sources */,
				29B97317FDCFA39411CA2CEA /* Resources */,
				29B97323FDCFA39411CA2CEA /* Frameworks */,
				19C28FACFE9D520D11CA2CBB /* Products */,
			);
			name = PsfPlayer;
			sourceTree = "<group>";
		};
		29B97315FDCFA39411CA2CEA /* Other Sources */ = {
			isa = PBXGroup;
			children = (
				32CA4F630368D1EE00C91783 /* PsfPlayer_Prefix.pch */,
				29B97316FDCFA39411CA2CEA /* main.mm */,
			);
			name = "Other Sources";
			sourceTree = "<group>";
		};
		29B97317FDCFA39411CA2CEA /* Resources */ = {
			isa = PBXGroup;
			children = (
				8D1107310486CEB800E47090 /* Info.plist */,
				089C165CFE840E0CC02AAC07 /* InfoPlist.strings */,
				1DDD58140DA1D0A300B32029 /* MainMenu.xib */,
			);
			name = Resources;
			sourceTree = "<group>";
		};
		29B97323FDCFA39411CA2CEA /* Frameworks */ = {
			isa = PBXGroup;
			children = (
				7E90010B0F059EBD008B14D1 /* libboost_regex-xgcc40-mt.dylib */,
				7E9000A70F059D4B008B14D1 /* libz.dylib */,
				7E90009E0F059CFC008B14D1 /* libboost_filesystem-xgcc40-mt.dylib */,
				7E90009F0F059CFC008B14D1 /* libboost_signals-xgcc40-mt.dylib */,
				7E9000A00F059CFC008B14D1 /* libboost_system-xgcc40-mt.dylib */,
				7E9000A10F059CFC008B14D1 /* libboost_thread-xgcc40-mt.dylib */,
				7E90008C0F059C25008B14D1 /* Framework.xcodeproj */,
				1058C7A0FEA54F0111CA2CBB /* Linked Frameworks */,
				1058C7A2FEA54F0111CA2CBB /* Other Frameworks */,
			);
			name = Frameworks;
			sourceTree = "<group>";
		};
		7E90001E0F0599E3008B14D1 /* Purei Core */ = {
			isa = PBXGroup;
			children = (
				7E2A16C70F95548A00D3F99D /* ArrayStack.h */,
				7E2A16C80F95548A00D3F99D /* BasicBlock.cpp */,
				7E2A16C90F95548A00D3F99D /* BasicBlock.h */,
				7E2A16CA0F95548A00D3F99D /* CodeGen.cpp */,
				7E2A16CB0F95548A00D3F99D /* CodeGen.h */,
				7E2A16CC0F95548A00D3F99D /* CodeGen_FPU.cpp */,
				7E2A16CD0F95548A00D3F99D /* CodeGen_MD.cpp */,
				7E2A16CE0F95548A00D3F99D /* CodeGen_StackPatterns.h */,
				7E2A16CF0F95548A00D3F99D /* ELF.cpp */,
				7E2A16D00F95548A00D3F99D /* ELF.h */,
				7E2A16D10F95548A00D3F99D /* ElfFile.cpp */,
				7E2A16D20F95548A00D3F99D /* ElfFile.h */,
				7E90001F0F0599F1008B14D1 /* iop */,
				7E2A16D90F9554D300D3F99D /* Log.cpp */,
				7E2A16DA0F9554D300D3F99D /* Log.h */,
				7E2A16DB0F9554D300D3F99D /* MA_MIPSIV.cpp */,
				7E2A16DC0F9554D300D3F99D /* MA_MIPSIV.h */,
				7E2A16DD0F9554D300D3F99D /* MA_MIPSIV_Reflection.cpp */,
				7E2A16DE0F9554D300D3F99D /* MA_MIPSIV_Templates.cpp */,
				7E2A16DF0F9554D300D3F99D /* MailBox.cpp */,
				7E2A16E00F9554D300D3F99D /* MailBox.h */,
				7E2A16E10F9554D300D3F99D /* MemoryMap.cpp */,
				7E2A16E20F9554D300D3F99D /* MemoryMap.h */,
				7E2A16E30F9554D300D3F99D /* MemoryStateFile.cpp */,
				7E2A16E40F9554D300D3F99D /* MemoryStateFile.h */,
				7E2A16E50F9554D300D3F99D /* MemoryUtils.cpp */,
				7E2A16E60F9554D300D3F99D /* MemoryUtils.h */,
				7E2A16E70F9554D300D3F99D /* MIPS.cpp */,
				7E2A16E80F9554D300D3F99D /* MIPS.h */,
				7E2A16E90F9554D300D3F99D /* MIPSAnalysis.cpp */,
				7E2A16EA0F9554D300D3F99D /* MIPSAnalysis.h */,
				7E2A16EB0F9554D300D3F99D /* MIPSArchitecture.cpp */,
				7E2A16EC0F9554D300D3F99D /* MIPSArchitecture.h */,
				7E2A16ED0F9554D300D3F99D /* MIPSAssembler.cpp */,
				7E2A16EE0F9554D300D3F99D /* MIPSAssembler.h */,
				7E2A16EF0F9554D300D3F99D /* MipsAssemblerDefinitions.cpp */,
				7E2A16F00F9554D300D3F99D /* MipsAssemblerDefinitions.h */,
				7E2A16F10F9554D300D3F99D /* MipsCodeGen.cpp */,
				7E2A16F20F9554D300D3F99D /* MipsCodeGen.h */,
				7E2A16F30F9554D300D3F99D /* MIPSCoprocessor.cpp */,
				7E2A16F40F9554D300D3F99D /* MIPSCoprocessor.h */,
				7E2A16F50F9554D300D3F99D /* MipsExecutor.cpp */,
				7E2A16F60F9554D300D3F99D /* MipsExecutor.h */,
				7E2A16F70F9554D300D3F99D /* MIPSInstructionFactory.cpp */,
				7E2A16F80F9554D300D3F99D /* MIPSInstructionFactory.h */,
				7E2A16F90F9554D300D3F99D /* MIPSModule.h */,
				7E2A16FA0F9554D300D3F99D /* MIPSReflection.cpp */,
				7E2A16FB0F9554D300D3F99D /* MIPSReflection.h */,
				7E2A16FC0F9554D300D3F99D /* MIPSTags.cpp */,
				7E2A16FD0F9554D300D3F99D /* MIPSTags.h */,
				7E2A16FE0F9554D300D3F99D /* offsetof_def.h */,
				7E2A16FF0F9554D300D3F99D /* OsStructManager.h */,
				7E2A17000F9554D300D3F99D /* Ps2Const.h */,
				7E2A17140F9554F400D3F99D /* X86Assembler.cpp */,
				7E2A17150F9554F400D3F99D /* X86Assembler.h */,
				7E2A17160F9554F400D3F99D /* X86Assembler_Fpu.cpp */,
				7E2A17170F9554F400D3F99D /* X86Assembler_Sse.cpp */,
			);
			name = "Purei Core";
			sourceTree = "<group>";
		};
		7E90001F0F0599F1008B14D1 /* iop */ = {
			isa = PBXGroup;
			children = (
				7E2A171D0F95552500D3F99D /* Ioman_Device.h */,
				7E2A171E0F95552500D3F99D /* Iop_BiosBase.h */,
				7E2A171F0F95552500D3F99D /* Iop_Dmac.cpp */,
				7E2A17200F95552500D3F99D /* Iop_Dmac.h */,
				7E2A17210F95552500D3F99D /* Iop_DmacChannel.cpp */,
				7E2A17220F95552500D3F99D /* Iop_DmacChannel.h */,
				7E2A17230F95552500D3F99D /* Iop_Dynamic.cpp */,
				7E2A17240F95552500D3F99D /* Iop_Dynamic.h */,
				7E2A17250F95552500D3F99D /* Iop_Intc.cpp */,
				7E2A17260F95552500D3F99D /* Iop_Intc.h */,
				7E2A17270F95552500D3F99D /* Iop_Intrman.cpp */,
				7E2A17280F95552500D3F99D /* Iop_Intrman.h */,
				7E2A17290F95552500D3F99D /* Iop_Ioman.cpp */,
				7E2A172A0F95552500D3F99D /* Iop_Ioman.h */,
				7E2A172B0F95552500D3F99D /* Iop_Loadcore.cpp */,
				7E2A172C0F95552500D3F99D /* Iop_Loadcore.h */,
				7E2A172D0F95552500D3F99D /* Iop_Modload.cpp */,
				7E2A172E0F95552500D3F99D /* Iop_Modload.h */,
				7E2A172F0F95552500D3F99D /* Iop_Module.h */,
				7E2A17300F95552500D3F99D /* Iop_RootCounters.cpp */,
				7E2A17310F95552500D3F99D /* Iop_RootCounters.h */,
				7E2A17320F95552500D3F99D /* Iop_SifDynamic.cpp */,
				7E2A17330F95552500D3F99D /* Iop_SifDynamic.h */,
				7E2A17340F95552500D3F99D /* Iop_SifMan.cpp */,
				7E2A17350F95552500D3F99D /* Iop_Sifman.h */,
				7E2A17360F95552500D3F99D /* Iop_SifManNull.cpp */,
				7E2A17370F95552500D3F99D /* Iop_SifManNull.h */,
				7E2A17440F95554C00D3F99D /* Iop_Spu.cpp */,
				7E2A17450F95554C00D3F99D /* Iop_Spu.h */,
				7E2A17460F95554C00D3F99D /* Iop_Spu2.cpp */,
				7E2A17470F95554C00D3F99D /* Iop_Spu2.h */,
				7E2A17480F95554C00D3F99D /* Iop_Spu2_Core.cpp */,
				7E2A17490F95554C00D3F99D /* Iop_Spu2_Core.h */,
				7E2A174A0F95554C00D3F99D /* Iop_SpuBase.cpp */,
				7E2A174B0F95554C00D3F99D /* Iop_SpuBase.h */,
				7E2A174C0F95554C00D3F99D /* Iop_Stdio.cpp */,
				7E2A174D0F95554C00D3F99D /* Iop_Stdio.h */,
				7E2A174E0F95554C00D3F99D /* Iop_SubSystem.cpp */,
				7E2A174F0F95554C00D3F99D /* Iop_SubSystem.h */,
				7E2A17500F95554C00D3F99D /* Iop_Sysclib.cpp */,
				7E2A17510F95554C00D3F99D /* Iop_Sysclib.h */,
				7E2A17520F95554C00D3F99D /* Iop_Sysmem.cpp */,
				7E2A17530F95554C00D3F99D /* Iop_Sysmem.h */,
				7E2A17540F95554C00D3F99D /* Iop_Thbase.cpp */,
				7E2A17550F95554C00D3F99D /* Iop_Thbase.h */,
				7E2A17560F95554C00D3F99D /* Iop_Thevent.cpp */,
				7E2A17570F95554C00D3F99D /* Iop_Thevent.h */,
				7E2A17580F95554C00D3F99D /* Iop_Thsema.cpp */,
				7E2A17590F95554C00D3F99D /* Iop_Thsema.h */,
				7E2A175A0F95554C00D3F99D /* Iop_Timrman.cpp */,
				7E2A175B0F95554C00D3F99D /* Iop_Timrman.h */,
				7E2A175C0F95554C00D3F99D /* IopBios.cpp */,
				7E2A175D0F95554C00D3F99D /* IopBios.h */,
			);
			name = iop;
			sourceTree = "<group>";
		};
		7E9000200F059A06008B14D1 /* PsfPlayer Core */ = {
			isa = PBXGroup;
			children = (
				7E2A16AF0F95545A00D3F99D /* PsfBase.cpp */,
				7E2A16B00F95545A00D3F99D /* PsfBase.h */,
				7E2A16B10F95545A00D3F99D /* PsfBios.cpp */,
				7E2A16B20F95545A00D3F99D /* PsfBios.h */,
				7E2A16B30F95545A00D3F99D /* PsfDevice.cpp */,
				7E2A16B40F95545A00D3F99D /* PsfDevice.h */,
				7E2A16B50F95545A00D3F99D /* PsfLoader.cpp */,
				7E2A16B60F95545A00D3F99D /* PsfLoader.h */,
				7E2A16B70F95545A00D3F99D /* PsfVm.cpp */,
				7E2A16B80F95545A00D3F99D /* PsfVm.h */,
				7E2A16B90F95545A00D3F99D /* PsxBios.cpp */,
				7E2A16BA0F95545A00D3F99D /* PsxBios.h */,
				7E2A16BB0F95545A00D3F99D /* SH_OpenAL.cpp */,
				7E2A16BC0F95545A00D3F99D /* SH_OpenAL.h */,
				7E2A16BD0F95545A00D3F99D /* SpuHandler.cpp */,
				7E2A16BE0F95545A00D3F99D /* SpuHandler.h */,
			);
			name = "PsfPlayer Core";
			sourceTree = "<group>";
		};
		7E90008D0F059C25008B14D1 /* Products */ = {
			isa = PBXGroup;
			children = (
				7E9000940F059C25008B14D1 /* libFramework.a */,
			);
			name = Products;
			sourceTree = "<group>";
		};
/* End PBXGroup section */

/* Begin PBXNativeTarget section */
		8D1107260486CEB800E47090 /* PsfPlayer */ = {
			isa = PBXNativeTarget;
			buildConfigurationList = C01FCF4A08A954540054247B /* Build configuration list for PBXNativeTarget "PsfPlayer" */;
			buildPhases = (
				8D1107290486CEB800E47090 /* Resources */,
				8D11072C0486CEB800E47090 /* Sources */,
				8D11072E0486CEB800E47090 /* Frameworks */,
			);
			buildRules = (
			);
			dependencies = (
			);
			name = PsfPlayer;
			productInstallPath = "$(HOME)/Applications";
			productName = PsfPlayer;
			productReference = 8D1107320486CEB800E47090 /* PsfPlayer.app */;
			productType = "com.apple.product-type.application";
		};
/* End PBXNativeTarget section */

/* Begin PBXProject section */
		29B97313FDCFA39411CA2CEA /* Project object */ = {
			isa = PBXProject;
			buildConfigurationList = C01FCF4E08A954540054247B /* Build configuration list for PBXProject "PsfPlayer" */;
			compatibilityVersion = "Xcode 3.1";
			hasScannedForEncodings = 1;
			mainGroup = 29B97314FDCFA39411CA2CEA /* PsfPlayer */;
			projectDirPath = "";
			projectReferences = (
				{
					ProductGroup = 7E90008D0F059C25008B14D1 /* Products */;
					ProjectRef = 7E90008C0F059C25008B14D1 /* Framework.xcodeproj */;
				},
			);
			projectRoot = "";
			targets = (
				8D1107260486CEB800E47090 /* PsfPlayer */,
			);
		};
/* End PBXProject section */

/* Begin PBXReferenceProxy section */
		7E9000940F059C25008B14D1 /* libFramework.a */ = {
			isa = PBXReferenceProxy;
			fileType = archive.ar;
			path = libFramework.a;
			remoteRef = 7E9000930F059C25008B14D1 /* PBXContainerItemProxy */;
			sourceTree = BUILT_PRODUCTS_DIR;
		};
/* End PBXReferenceProxy section */

/* Begin PBXResourcesBuildPhase section */
		8D1107290486CEB800E47090 /* Resources */ = {
			isa = PBXResourcesBuildPhase;
			buildActionMask = 2147483647;
			files = (
				8D11072B0486CEB800E47090 /* InfoPlist.strings in Resources */,
				1DDD58160DA1D0A300B32029 /* MainMenu.xib in Resources */,
			);
			runOnlyForDeploymentPostprocessing = 0;
		};
/* End PBXResourcesBuildPhase section */

/* Begin PBXSourcesBuildPhase section */
		8D11072C0486CEB800E47090 /* Sources */ = {
			isa = PBXSourcesBuildPhase;
			buildActionMask = 2147483647;
			files = (
				8D11072D0486CEB800E47090 /* main.mm in Sources */,
				7E6281D90F05CF94003F9463 /* ApplicationDelegate.mm in Sources */,
				7E6283320F06CDB8003F9463 /* Playlist.mm in Sources */,
				7E6283380F06D082003F9463 /* PlaylistItem.mm in Sources */,
				7E2A16BF0F95545A00D3F99D /* PsfBase.cpp in Sources */,
				7E2A16C00F95545A00D3F99D /* PsfBios.cpp in Sources */,
				7E2A16C10F95545A00D3F99D /* PsfDevice.cpp in Sources */,
				7E2A16C20F95545A00D3F99D /* PsfLoader.cpp in Sources */,
				7E2A16C30F95545A00D3F99D /* PsfVm.cpp in Sources */,
				7E2A16C40F95545A00D3F99D /* PsxBios.cpp in Sources */,
				7E2A16C50F95545A00D3F99D /* SH_OpenAL.cpp in Sources */,
				7E2A16C60F95545A00D3F99D /* SpuHandler.cpp in Sources */,
				7E2A16D30F95548A00D3F99D /* BasicBlock.cpp in Sources */,
				7E2A16D40F95548A00D3F99D /* CodeGen.cpp in Sources */,
				7E2A16D50F95548A00D3F99D /* CodeGen_FPU.cpp in Sources */,
				7E2A16D60F95548A00D3F99D /* CodeGen_MD.cpp in Sources */,
				7E2A16D70F95548A00D3F99D /* ELF.cpp in Sources */,
				7E2A16D80F95548A00D3F99D /* ElfFile.cpp in Sources */,
				7E2A17010F9554D300D3F99D /* Log.cpp in Sources */,
				7E2A17020F9554D300D3F99D /* MA_MIPSIV.cpp in Sources */,
				7E2A17030F9554D300D3F99D /* MA_MIPSIV_Reflection.cpp in Sources */,
				7E2A17040F9554D300D3F99D /* MA_MIPSIV_Templates.cpp in Sources */,
				7E2A17050F9554D300D3F99D /* MailBox.cpp in Sources */,
				7E2A17060F9554D300D3F99D /* MemoryMap.cpp in Sources */,
				7E2A17070F9554D300D3F99D /* MemoryStateFile.cpp in Sources */,
				7E2A17080F9554D300D3F99D /* MemoryUtils.cpp in Sources */,
				7E2A17090F9554D300D3F99D /* MIPS.cpp in Sources */,
				7E2A170A0F9554D300D3F99D /* MIPSAnalysis.cpp in Sources */,
				7E2A170B0F9554D300D3F99D /* MIPSArchitecture.cpp in Sources */,
				7E2A170C0F9554D300D3F99D /* MIPSAssembler.cpp in Sources */,
				7E2A170D0F9554D300D3F99D /* MipsAssemblerDefinitions.cpp in Sources */,
				7E2A170E0F9554D300D3F99D /* MipsCodeGen.cpp in Sources */,
				7E2A170F0F9554D300D3F99D /* MIPSCoprocessor.cpp in Sources */,
				7E2A17100F9554D300D3F99D /* MipsExecutor.cpp in Sources */,
				7E2A17110F9554D300D3F99D /* MIPSInstructionFactory.cpp in Sources */,
				7E2A17120F9554D300D3F99D /* MIPSReflection.cpp in Sources */,
				7E2A17130F9554D300D3F99D /* MIPSTags.cpp in Sources */,
				7E2A17180F9554F400D3F99D /* X86Assembler.cpp in Sources */,
				7E2A17190F9554F400D3F99D /* X86Assembler_Fpu.cpp in Sources */,
				7E2A171A0F9554F400D3F99D /* X86Assembler_Sse.cpp in Sources */,
				7E2A17380F95552500D3F99D /* Iop_Dmac.cpp in Sources */,
				7E2A17390F95552500D3F99D /* Iop_DmacChannel.cpp in Sources */,
				7E2A173A0F95552500D3F99D /* Iop_Dynamic.cpp in Sources */,
				7E2A173B0F95552500D3F99D /* Iop_Intc.cpp in Sources */,
				7E2A173C0F95552500D3F99D /* Iop_Intrman.cpp in Sources */,
				7E2A173D0F95552500D3F99D /* Iop_Ioman.cpp in Sources */,
				7E2A173E0F95552500D3F99D /* Iop_Loadcore.cpp in Sources */,
				7E2A173F0F95552500D3F99D /* Iop_Modload.cpp in Sources */,
				7E2A17400F95552500D3F99D /* Iop_RootCounters.cpp in Sources */,
				7E2A17410F95552500D3F99D /* Iop_SifDynamic.cpp in Sources */,
				7E2A17420F95552500D3F99D /* Iop_SifMan.cpp in Sources */,
				7E2A17430F95552500D3F99D /* Iop_SifManNull.cpp in Sources */,
				7E2A175E0F95554C00D3F99D /* Iop_Spu.cpp in Sources */,
				7E2A175F0F95554C00D3F99D /* Iop_Spu2.cpp in Sources */,
				7E2A17600F95554C00D3F99D /* Iop_Spu2_Core.cpp in Sources */,
				7E2A17610F95554C00D3F99D /* Iop_SpuBase.cpp in Sources */,
				7E2A17620F95554C00D3F99D /* Iop_Stdio.cpp in Sources */,
				7E2A17630F95554C00D3F99D /* Iop_SubSystem.cpp in Sources */,
				7E2A17640F95554C00D3F99D /* Iop_Sysclib.cpp in Sources */,
				7E2A17650F95554C00D3F99D /* Iop_Sysmem.cpp in Sources */,
				7E2A17660F95554C00D3F99D /* Iop_Thbase.cpp in Sources */,
				7E2A17670F95554C00D3F99D /* Iop_Thevent.cpp in Sources */,
				7E2A17680F95554C00D3F99D /* Iop_Thsema.cpp in Sources */,
				7E2A17690F95554C00D3F99D /* Iop_Timrman.cpp in Sources */,
				7E2A176A0F95554C00D3F99D /* IopBios.cpp in Sources */,
			);
			runOnlyForDeploymentPostprocessing = 0;
		};
/* End PBXSourcesBuildPhase section */

/* Begin PBXVariantGroup section */
		089C165CFE840E0CC02AAC07 /* InfoPlist.strings */ = {
			isa = PBXVariantGroup;
			children = (
				089C165DFE840E0CC02AAC07 /* English */,
			);
			name = InfoPlist.strings;
			sourceTree = "<group>";
		};
		1DDD58140DA1D0A300B32029 /* MainMenu.xib */ = {
			isa = PBXVariantGroup;
			children = (
				1DDD58150DA1D0A300B32029 /* English */,
			);
			name = MainMenu.xib;
			sourceTree = "<group>";
		};
/* End PBXVariantGroup section */

/* Begin XCBuildConfiguration section */
		C01FCF4B08A954540054247B /* Debug */ = {
			isa = XCBuildConfiguration;
			buildSettings = {
				ALWAYS_SEARCH_USER_PATHS = NO;
				COPY_PHASE_STRIP = NO;
				GCC_DYNAMIC_NO_PIC = NO;
				GCC_ENABLE_FIX_AND_CONTINUE = YES;
				GCC_MODEL_TUNING = G5;
				GCC_OPTIMIZATION_LEVEL = 0;
				GCC_PRECOMPILE_PREFIX_HEADER = YES;
				GCC_PREFIX_HEADER = PsfPlayer_Prefix.pch;
				INFOPLIST_FILE = Info.plist;
				INSTALL_PATH = "$(HOME)/Applications";
				PRODUCT_NAME = PsfPlayer;
			};
			name = Debug;
		};
		C01FCF4C08A954540054247B /* Release */ = {
			isa = XCBuildConfiguration;
			buildSettings = {
				ALWAYS_SEARCH_USER_PATHS = NO;
				DEBUG_INFORMATION_FORMAT = "dwarf-with-dsym";
				GCC_MODEL_TUNING = G5;
				GCC_PRECOMPILE_PREFIX_HEADER = YES;
				GCC_PREFIX_HEADER = PsfPlayer_Prefix.pch;
				INFOPLIST_FILE = Info.plist;
				INSTALL_PATH = "$(HOME)/Applications";
				PRODUCT_NAME = PsfPlayer;
			};
			name = Release;
		};
		C01FCF4F08A954540054247B /* Debug */ = {
			isa = XCBuildConfiguration;
			buildSettings = {
				ARCHS = "$(ARCHS_STANDARD_32_BIT)";
				GCC_C_LANGUAGE_STANDARD = c99;
				GCC_OPTIMIZATION_LEVEL = 0;
				GCC_PREPROCESSOR_DEFINITIONS = (
					_PSX,
					MACOSX,
				);
				GCC_WARN_ABOUT_RETURN_TYPE = YES;
				GCC_WARN_UNUSED_VARIABLE = YES;
				HEADER_SEARCH_PATHS = (
					"/usr/local/include/boost-1_37/boost/tr1/tr1",
					"/usr/local/include/boost-1_37/",
					"~/Projects/Framework/include",
					"~/Projects/Purei/Source",
				);
				ONLY_ACTIVE_ARCH = YES;
				PREBINDING = NO;
				SDKROOT = macosx10.5;
				VALID_ARCHS = "i386 x86_64";
			};
			name = Debug;
		};
		C01FCF5008A954540054247B /* Release */ = {
			isa = XCBuildConfiguration;
			buildSettings = {
				ARCHS = "$(ARCHS_STANDARD_32_BIT)";
				GCC_C_LANGUAGE_STANDARD = c99;
				GCC_PREPROCESSOR_DEFINITIONS = (
					_PSX,
					MACOSX,
				);
				GCC_WARN_ABOUT_RETURN_TYPE = YES;
				GCC_WARN_UNUSED_VARIABLE = YES;
				HEADER_SEARCH_PATHS = (
					"/usr/local/include/boost-1_37/boost/tr1/tr1",
					"/usr/local/include/boost-1_37/",
					"~/Projects/Framework/include",
					"~/Projects/Purei/Source",
				);
				PREBINDING = NO;
				SDKROOT = macosx10.5;
				VALID_ARCHS = "i386 x86_64";
			};
			name = Release;
		};
/* End XCBuildConfiguration section */

/* Begin XCConfigurationList section */
		C01FCF4A08A954540054247B /* Build configuration list for PBXNativeTarget "PsfPlayer" */ = {
			isa = XCConfigurationList;
			buildConfigurations = (
				C01FCF4B08A954540054247B /* Debug */,
				C01FCF4C08A954540054247B /* Release */,
			);
			defaultConfigurationIsVisible = 0;
			defaultConfigurationName = Release;
		};
		C01FCF4E08A954540054247B /* Build configuration list for PBXProject "PsfPlayer" */ = {
			isa = XCConfigurationList;
			buildConfigurations = (
				C01FCF4F08A954540054247B /* Debug */,
				C01FCF5008A954540054247B /* Release */,
			);
			defaultConfigurationIsVisible = 0;
			defaultConfigurationName = Release;
		};
/* End XCConfigurationList section */
	};
	rootObject = 29B97313FDCFA39411CA2CEA /* Project object */;
}
